
Microsoft Visual Studio Solution File, Format Version 12.00
# Visual Studio 15
VisualStudioVersion = 15.0.28307.572
MinimumVisualStudioVersion = 10.0.40219.1
Project("{9A19103F-16F7-4668-BE54-9A1E7A4F7556}") = "BrightstarDBStandard", "BrightstarDBStandard\BrightstarDBStandard.csproj", "{FF9D2FE0-B440-4097-ADB2-7326FB3CFD8A}"
EndProject
Project("{9A19103F-16F7-4668-BE54-9A1E7A4F7556}") = "BrightstarDBStandard.Tests", "BrightstarDBStandard.Tests\BrightstarDBStandard.Tests.csproj", "{DD7E3889-4158-48C8-9E66-0473BB3A4C15}"
EndProject
Global
	GlobalSection(SolutionConfigurationPlatforms) = preSolution
		Debug|Any CPU = Debug|Any CPU
		Release|Any CPU = Release|Any CPU
	EndGlobalSection
	GlobalSection(ProjectConfigurationPlatforms) = postSolution
		{FF9D2FE0-B440-4097-ADB2-7326FB3CFD8A}.Debug|Any CPU.ActiveCfg = Debug|Any CPU
		{FF9D2FE0-B440-4097-ADB2-7326FB3CFD8A}.Debug|Any CPU.Build.0 = Debug|Any CPU
		{FF9D2FE0-B440-4097-ADB2-7326FB3CFD8A}.Release|Any CPU.ActiveCfg = Release|Any CPU
		{FF9D2FE0-B440-4097-ADB2-7326FB3CFD8A}.Release|Any CPU.Build.0 = Release|Any CPU
		{DD7E3889-4158-48C8-9E66-0473BB3A4C15}.Debug|Any CPU.ActiveCfg = Debug|Any CPU
		{DD7E3889-4158-48C8-9E66-0473BB3A4C15}.Debug|Any CPU.Build.0 = Debug|Any CPU
		{DD7E3889-4158-48C8-9E66-0473BB3A4C15}.Release|Any CPU.ActiveCfg = Release|Any CPU
		{DD7E3889-4158-48C8-9E66-0473BB3A4C15}.Release|Any CPU.Build.0 = Release|Any CPU
	EndGlobalSection
	GlobalSection(SolutionProperties) = preSolution
		HideSolutionNode = FALSE
	EndGlobalSection
	GlobalSection(ExtensibilityGlobals) = postSolution
		SolutionGuid = {CE18C55B-B574-46D8-B5C1-953D3BA30D3E}
	EndGlobalSection
EndGlobal
