
Microsoft Visual Studio Solution File, Format Version 12.00
# Visual Studio 15
VisualStudioVersion = 15.0.26730.16
MinimumVisualStudioVersion = 10.0.40219.1
Project("{FAE04EC0-301F-11D3-BF4B-00C04F79EFBC}") = "BrightstarDB.EntityFramework", "BrightstarDB.EntityFramework\BrightstarDB.EntityFramework.csproj", "{F5A2C691-6346-4F66-BF0C-2BF4B8144C53}"
EndProject
Project("{FAE04EC0-301F-11D3-BF4B-00C04F79EFBC}") = "BrightstarEntityContext", "BrightstarEntityContext\BrightstarEntityContext.csproj", "{08CC480D-EC1D-40AC-AD3B-DBA1C256E209}"
EndProject
Project("{FAE04EC0-301F-11D3-BF4B-00C04F79EFBC}") = "BrightstarEntityDefinition", "BrightstarEntityDefinition\BrightstarEntityDefinition.csproj", "{140B93EE-EDC1-4C6A-B236-84BAC3C49C74}"
EndProject
Global
	GlobalSection(SolutionConfigurationPlatforms) = preSolution
		Debug|Any CPU = Debug|Any CPU
		Release|Any CPU = Release|Any CPU
	EndGlobalSection
	GlobalSection(ProjectConfigurationPlatforms) = postSolution
		{F5A2C691-6346-4F66-BF0C-2BF4B8144C53}.Debug|Any CPU.ActiveCfg = Debug|Any CPU
		{F5A2C691-6346-4F66-BF0C-2BF4B8144C53}.Debug|Any CPU.Build.0 = Debug|Any CPU
		{F5A2C691-6346-4F66-BF0C-2BF4B8144C53}.Release|Any CPU.ActiveCfg = Release|Any CPU
		{F5A2C691-6346-4F66-BF0C-2BF4B8144C53}.Release|Any CPU.Build.0 = Release|Any CPU
		{08CC480D-EC1D-40AC-AD3B-DBA1C256E209}.Debug|Any CPU.ActiveCfg = Debug|Any CPU
		{08CC480D-EC1D-40AC-AD3B-DBA1C256E209}.Debug|Any CPU.Build.0 = Debug|Any CPU
		{08CC480D-EC1D-40AC-AD3B-DBA1C256E209}.Release|Any CPU.ActiveCfg = Release|Any CPU
		{08CC480D-EC1D-40AC-AD3B-DBA1C256E209}.Release|Any CPU.Build.0 = Release|Any CPU
		{140B93EE-EDC1-4C6A-B236-84BAC3C49C74}.Debug|Any CPU.ActiveCfg = Debug|Any CPU
		{140B93EE-EDC1-4C6A-B236-84BAC3C49C74}.Debug|Any CPU.Build.0 = Debug|Any CPU
		{140B93EE-EDC1-4C6A-B236-84BAC3C49C74}.Release|Any CPU.ActiveCfg = Release|Any CPU
		{140B93EE-EDC1-4C6A-B236-84BAC3C49C74}.Release|Any CPU.Build.0 = Release|Any CPU
	EndGlobalSection
	GlobalSection(SolutionProperties) = preSolution
		HideSolutionNode = FALSE
	EndGlobalSection
	GlobalSection(ExtensibilityGlobals) = postSolution
		SolutionGuid = {127E898E-1E12-42C8-80B2-7EFFCDD28D15}
	EndGlobalSection
EndGlobal
