
Microsoft Visual Studio Solution File, Format Version 11.00
# Visual Studio 2010
Project("{FAE04EC0-301F-11D3-BF4B-00C04F79EFBC}") = "GettingStarted", "GettingStarted\GettingStarted.csproj", "{A9132989-F286-44E4-8211-52BA40BDF034}"
EndProject
Project("{FAE04EC0-301F-11D3-BF4B-00C04F79EFBC}") = "TweetBox", "Tweetbox\TweetBox.csproj", "{3FE12491-383D-403B-8B03-0FD17D8A5B63}"
EndProject
Project("{FAE04EC0-301F-11D3-BF4B-00C04F79EFBC}") = "Foaf", "Foaf\Foaf.csproj", "{9543DD86-B9D5-419E-8FD0-0A47BD1B2031}"
EndProject
Project("{FAE04EC0-301F-11D3-BF4B-00C04F79EFBC}") = "ChangeTracking", "ChangeTracking\ChangeTracking.csproj", "{21B84D26-0E19-417A-AC73-A94DDCF08A5F}"
EndProject
Global
	GlobalSection(SolutionConfigurationPlatforms) = preSolution
		Debug|Any CPU = Debug|Any CPU
		Debug|Mixed Platforms = Debug|Mixed Platforms
		Debug|x86 = Debug|x86
		Release|Any CPU = Release|Any CPU
		Release|Mixed Platforms = Release|Mixed Platforms
		Release|x86 = Release|x86
	EndGlobalSection
	GlobalSection(ProjectConfigurationPlatforms) = postSolution
		{A9132989-F286-44E4-8211-52BA40BDF034}.Debug|Any CPU.ActiveCfg = Debug|x86
		{A9132989-F286-44E4-8211-52BA40BDF034}.Debug|Mixed Platforms.ActiveCfg = Debug|x86
		{A9132989-F286-44E4-8211-52BA40BDF034}.Debug|Mixed Platforms.Build.0 = Debug|x86
		{A9132989-F286-44E4-8211-52BA40BDF034}.Debug|x86.ActiveCfg = Debug|x86
		{A9132989-F286-44E4-8211-52BA40BDF034}.Debug|x86.Build.0 = Debug|x86
		{A9132989-F286-44E4-8211-52BA40BDF034}.Release|Any CPU.ActiveCfg = Release|x86
		{A9132989-F286-44E4-8211-52BA40BDF034}.Release|Mixed Platforms.ActiveCfg = Release|x86
		{A9132989-F286-44E4-8211-52BA40BDF034}.Release|Mixed Platforms.Build.0 = Release|x86
		{A9132989-F286-44E4-8211-52BA40BDF034}.Release|x86.ActiveCfg = Release|x86
		{A9132989-F286-44E4-8211-52BA40BDF034}.Release|x86.Build.0 = Release|x86
		{3FE12491-383D-403B-8B03-0FD17D8A5B63}.Debug|Any CPU.ActiveCfg = Debug|x86
		{3FE12491-383D-403B-8B03-0FD17D8A5B63}.Debug|Mixed Platforms.ActiveCfg = Debug|x86
		{3FE12491-383D-403B-8B03-0FD17D8A5B63}.Debug|Mixed Platforms.Build.0 = Debug|x86
		{3FE12491-383D-403B-8B03-0FD17D8A5B63}.Debug|x86.ActiveCfg = Debug|x86
		{3FE12491-383D-403B-8B03-0FD17D8A5B63}.Debug|x86.Build.0 = Debug|x86
		{3FE12491-383D-403B-8B03-0FD17D8A5B63}.Release|Any CPU.ActiveCfg = Release|x86
		{3FE12491-383D-403B-8B03-0FD17D8A5B63}.Release|Mixed Platforms.ActiveCfg = Release|x86
		{3FE12491-383D-403B-8B03-0FD17D8A5B63}.Release|Mixed Platforms.Build.0 = Release|x86
		{3FE12491-383D-403B-8B03-0FD17D8A5B63}.Release|x86.ActiveCfg = Release|x86
		{3FE12491-383D-403B-8B03-0FD17D8A5B63}.Release|x86.Build.0 = Release|x86
		{9543DD86-B9D5-419E-8FD0-0A47BD1B2031}.Debug|Any CPU.ActiveCfg = Debug|x86
		{9543DD86-B9D5-419E-8FD0-0A47BD1B2031}.Debug|Mixed Platforms.ActiveCfg = Debug|x86
		{9543DD86-B9D5-419E-8FD0-0A47BD1B2031}.Debug|Mixed Platforms.Build.0 = Debug|x86
		{9543DD86-B9D5-419E-8FD0-0A47BD1B2031}.Debug|x86.ActiveCfg = Debug|x86
		{9543DD86-B9D5-419E-8FD0-0A47BD1B2031}.Debug|x86.Build.0 = Debug|x86
		{9543DD86-B9D5-419E-8FD0-0A47BD1B2031}.Release|Any CPU.ActiveCfg = Release|x86
		{9543DD86-B9D5-419E-8FD0-0A47BD1B2031}.Release|Mixed Platforms.ActiveCfg = Release|x86
		{9543DD86-B9D5-419E-8FD0-0A47BD1B2031}.Release|Mixed Platforms.Build.0 = Release|x86
		{9543DD86-B9D5-419E-8FD0-0A47BD1B2031}.Release|x86.ActiveCfg = Release|x86
		{9543DD86-B9D5-419E-8FD0-0A47BD1B2031}.Release|x86.Build.0 = Release|x86
		{21B84D26-0E19-417A-AC73-A94DDCF08A5F}.Debug|Any CPU.ActiveCfg = Debug|x86
		{21B84D26-0E19-417A-AC73-A94DDCF08A5F}.Debug|Mixed Platforms.ActiveCfg = Debug|x86
		{21B84D26-0E19-417A-AC73-A94DDCF08A5F}.Debug|Mixed Platforms.Build.0 = Debug|x86
		{21B84D26-0E19-417A-AC73-A94DDCF08A5F}.Debug|x86.ActiveCfg = Debug|x86
		{21B84D26-0E19-417A-AC73-A94DDCF08A5F}.Debug|x86.Build.0 = Debug|x86
		{21B84D26-0E19-417A-AC73-A94DDCF08A5F}.Release|Any CPU.ActiveCfg = Release|x86
		{21B84D26-0E19-417A-AC73-A94DDCF08A5F}.Release|Mixed Platforms.ActiveCfg = Release|x86
		{21B84D26-0E19-417A-AC73-A94DDCF08A5F}.Release|Mixed Platforms.Build.0 = Release|x86
		{21B84D26-0E19-417A-AC73-A94DDCF08A5F}.Release|x86.ActiveCfg = Release|x86
		{21B84D26-0E19-417A-AC73-A94DDCF08A5F}.Release|x86.Build.0 = Release|x86
	EndGlobalSection
	GlobalSection(SolutionProperties) = preSolution
		HideSolutionNode = FALSE
	EndGlobalSection
EndGlobal
