
Microsoft Visual Studio Solution File, Format Version 12.00
# Visual Studio 14
VisualStudioVersion = 14.0.23107.0
MinimumVisualStudioVersion = 10.0.40219.1
Project("{FAE04EC0-301F-11D3-BF4B-00C04F79EFBC}") = "BrightstarDB.Portable", "BrightstarDB.Portable\BrightstarDB.Portable.csproj", "{365E38E3-EDA2-4A3D-9740-375EC496DF79}"
EndProject
Project("{2150E333-8FDC-42A3-9474-1A3956D46DE8}") = "Platform", "Platform", "{0FD14156-1EC2-4025-AECE-F1CADEDBA18D}"
EndProject
Project("{FAE04EC0-301F-11D3-BF4B-00C04F79EFBC}") = "BrightstarDB.Portable.Phone", "BrightstarDB.Portable.Phone\BrightstarDB.Portable.Phone.csproj", "{AB120C5D-9E86-4D79-913F-9DAD4D8E631D}"
EndProject
Project("{FAE04EC0-301F-11D3-BF4B-00C04F79EFBC}") = "BrightstarDB.Portable.Store", "BrightstarDB.Portable.Store\BrightstarDB.Portable.Store.csproj", "{50171417-20B2-4E11-A89A-D246508AB5DD}"
EndProject
Project("{FAE04EC0-301F-11D3-BF4B-00C04F79EFBC}") = "BrightstarDB.Portable.Silverlight", "BrightstarDB.Portable.Silverlight\BrightstarDB.Portable.Silverlight.csproj", "{631E0C4A-DF4F-4100-998D-3137F8ADCC8F}"
EndProject
Project("{2150E333-8FDC-42A3-9474-1A3956D46DE8}") = "Test", "Test", "{1A9C795E-6E5A-4585-BED5-5920948E2807}"
EndProject
Project("{FAE04EC0-301F-11D3-BF4B-00C04F79EFBC}") = "BrightstarDB.Portable.Phone.Tests", "Test\BrightstarDB.Portable.Phone.Tests\BrightstarDB.Portable.Phone.Tests.csproj", "{74E8278A-5A85-4826-9FCB-06D544259062}"
EndProject
Project("{2150E333-8FDC-42A3-9474-1A3956D46DE8}") = ".nuget", ".nuget", "{9ACDFE4E-D4D1-4F77-B1A6-F7B9E37E0C00}"
	ProjectSection(SolutionItems) = preProject
		.nuget\NuGet.Config = .nuget\NuGet.Config
		.nuget\NuGet.exe = .nuget\NuGet.exe
		.nuget\NuGet.targets = .nuget\NuGet.targets
	EndProjectSection
EndProject
Project("{FAE04EC0-301F-11D3-BF4B-00C04F79EFBC}") = "BrightstarDB.Portable.Desktop.RestClientTests", "Test\BrightstarDB.Portable.Desktop.RestClientTests\BrightstarDB.Portable.Desktop.RestClientTests.csproj", "{886B9EB4-FEF1-4AB5-A3FC-CA2B11CC8D95}"
EndProject
Project("{FAE04EC0-301F-11D3-BF4B-00C04F79EFBC}") = "BrightstarDB.Portable.Universal81", "BrightstarDB.Portable.Universal81\BrightstarDB.Portable.Universal81.csproj", "{3981146A-3729-4D12-9E05-5AF3F5579EC2}"
EndProject
Project("{FAE04EC0-301F-11D3-BF4B-00C04F79EFBC}") = "BrightstarDB.Portable.Universal81.Tests", "Test\BrightstarDB.Portable.Universal81.Tests\BrightstarDB.Portable.Universal81.Tests.csproj", "{DFED83D8-EF9B-4741-8C38-8A8CBD09DC38}"
EndProject
Project("{FAE04EC0-301F-11D3-BF4B-00C04F79EFBC}") = "BrightstarDB.Portable.Desktop", "BrightstarDB.Portable.Desktop\BrightstarDB.Portable.Desktop.csproj", "{AD54985B-D980-4EFA-93F2-8491CDB4EEFC}"
EndProject
Project("{FAE04EC0-301F-11D3-BF4B-00C04F79EFBC}") = "BrightstarDB.Portable.Store.Tests", "Test\BrightstarDB.Portable.Store.Tests\BrightstarDB.Portable.Store.Tests.csproj", "{EECC588D-E57D-4BBA-AB11-7F3ED3830A93}"
EndProject
Global
	GlobalSection(SolutionConfigurationPlatforms) = preSolution
		Debug|Any CPU = Debug|Any CPU
		Debug|ARM = Debug|ARM
		Debug|Mixed Platforms = Debug|Mixed Platforms
		Debug|x64 = Debug|x64
		Debug|x86 = Debug|x86
		Release|Any CPU = Release|Any CPU
		Release|ARM = Release|ARM
		Release|Mixed Platforms = Release|Mixed Platforms
		Release|x64 = Release|x64
		Release|x86 = Release|x86
	EndGlobalSection
	GlobalSection(ProjectConfigurationPlatforms) = postSolution
		{365E38E3-EDA2-4A3D-9740-375EC496DF79}.Debug|Any CPU.ActiveCfg = Debug|Any CPU
		{365E38E3-EDA2-4A3D-9740-375EC496DF79}.Debug|Any CPU.Build.0 = Debug|Any CPU
		{365E38E3-EDA2-4A3D-9740-375EC496DF79}.Debug|ARM.ActiveCfg = Debug|Any CPU
		{365E38E3-EDA2-4A3D-9740-375EC496DF79}.Debug|ARM.Build.0 = Debug|Any CPU
		{365E38E3-EDA2-4A3D-9740-375EC496DF79}.Debug|Mixed Platforms.ActiveCfg = Debug|Any CPU
		{365E38E3-EDA2-4A3D-9740-375EC496DF79}.Debug|Mixed Platforms.Build.0 = Debug|Any CPU
		{365E38E3-EDA2-4A3D-9740-375EC496DF79}.Debug|x64.ActiveCfg = Debug|Any CPU
		{365E38E3-EDA2-4A3D-9740-375EC496DF79}.Debug|x86.ActiveCfg = Debug|Any CPU
		{365E38E3-EDA2-4A3D-9740-375EC496DF79}.Debug|x86.Build.0 = Debug|Any CPU
		{365E38E3-EDA2-4A3D-9740-375EC496DF79}.Release|Any CPU.ActiveCfg = Release|Any CPU
		{365E38E3-EDA2-4A3D-9740-375EC496DF79}.Release|Any CPU.Build.0 = Release|Any CPU
		{365E38E3-EDA2-4A3D-9740-375EC496DF79}.Release|ARM.ActiveCfg = Release|Any CPU
		{365E38E3-EDA2-4A3D-9740-375EC496DF79}.Release|Mixed Platforms.ActiveCfg = Release|Any CPU
		{365E38E3-EDA2-4A3D-9740-375EC496DF79}.Release|Mixed Platforms.Build.0 = Release|Any CPU
		{365E38E3-EDA2-4A3D-9740-375EC496DF79}.Release|x64.ActiveCfg = Release|Any CPU
		{365E38E3-EDA2-4A3D-9740-375EC496DF79}.Release|x86.ActiveCfg = Release|Any CPU
		{AB120C5D-9E86-4D79-913F-9DAD4D8E631D}.Debug|Any CPU.ActiveCfg = Debug|Any CPU
		{AB120C5D-9E86-4D79-913F-9DAD4D8E631D}.Debug|Any CPU.Build.0 = Debug|Any CPU
		{AB120C5D-9E86-4D79-913F-9DAD4D8E631D}.Debug|ARM.ActiveCfg = Debug|Any CPU
		{AB120C5D-9E86-4D79-913F-9DAD4D8E631D}.Debug|Mixed Platforms.ActiveCfg = Debug|Any CPU
		{AB120C5D-9E86-4D79-913F-9DAD4D8E631D}.Debug|Mixed Platforms.Build.0 = Debug|Any CPU
		{AB120C5D-9E86-4D79-913F-9DAD4D8E631D}.Debug|x64.ActiveCfg = Debug|Any CPU
		{AB120C5D-9E86-4D79-913F-9DAD4D8E631D}.Debug|x86.ActiveCfg = Debug|Any CPU
		{AB120C5D-9E86-4D79-913F-9DAD4D8E631D}.Release|Any CPU.ActiveCfg = Release|Any CPU
		{AB120C5D-9E86-4D79-913F-9DAD4D8E631D}.Release|Any CPU.Build.0 = Release|Any CPU
		{AB120C5D-9E86-4D79-913F-9DAD4D8E631D}.Release|ARM.ActiveCfg = Release|Any CPU
		{AB120C5D-9E86-4D79-913F-9DAD4D8E631D}.Release|Mixed Platforms.ActiveCfg = Release|Any CPU
		{AB120C5D-9E86-4D79-913F-9DAD4D8E631D}.Release|Mixed Platforms.Build.0 = Release|Any CPU
		{AB120C5D-9E86-4D79-913F-9DAD4D8E631D}.Release|x64.ActiveCfg = Release|Any CPU
		{AB120C5D-9E86-4D79-913F-9DAD4D8E631D}.Release|x86.ActiveCfg = Release|Any CPU
		{50171417-20B2-4E11-A89A-D246508AB5DD}.Debug|Any CPU.ActiveCfg = Debug|Any CPU
		{50171417-20B2-4E11-A89A-D246508AB5DD}.Debug|Any CPU.Build.0 = Debug|Any CPU
		{50171417-20B2-4E11-A89A-D246508AB5DD}.Debug|ARM.ActiveCfg = Debug|ARM
		{50171417-20B2-4E11-A89A-D246508AB5DD}.Debug|ARM.Build.0 = Debug|ARM
		{50171417-20B2-4E11-A89A-D246508AB5DD}.Debug|Mixed Platforms.ActiveCfg = Debug|x86
		{50171417-20B2-4E11-A89A-D246508AB5DD}.Debug|Mixed Platforms.Build.0 = Debug|x86
		{50171417-20B2-4E11-A89A-D246508AB5DD}.Debug|x64.ActiveCfg = Debug|x64
		{50171417-20B2-4E11-A89A-D246508AB5DD}.Debug|x64.Build.0 = Debug|x64
		{50171417-20B2-4E11-A89A-D246508AB5DD}.Debug|x86.ActiveCfg = Debug|x86
		{50171417-20B2-4E11-A89A-D246508AB5DD}.Debug|x86.Build.0 = Debug|x86
		{50171417-20B2-4E11-A89A-D246508AB5DD}.Release|Any CPU.ActiveCfg = Release|Any CPU
		{50171417-20B2-4E11-A89A-D246508AB5DD}.Release|Any CPU.Build.0 = Release|Any CPU
		{50171417-20B2-4E11-A89A-D246508AB5DD}.Release|ARM.ActiveCfg = Release|ARM
		{50171417-20B2-4E11-A89A-D246508AB5DD}.Release|ARM.Build.0 = Release|ARM
		{50171417-20B2-4E11-A89A-D246508AB5DD}.Release|Mixed Platforms.ActiveCfg = Release|x86
		{50171417-20B2-4E11-A89A-D246508AB5DD}.Release|Mixed Platforms.Build.0 = Release|x86
		{50171417-20B2-4E11-A89A-D246508AB5DD}.Release|x64.ActiveCfg = Release|x64
		{50171417-20B2-4E11-A89A-D246508AB5DD}.Release|x64.Build.0 = Release|x64
		{50171417-20B2-4E11-A89A-D246508AB5DD}.Release|x86.ActiveCfg = Release|x86
		{50171417-20B2-4E11-A89A-D246508AB5DD}.Release|x86.Build.0 = Release|x86
		{631E0C4A-DF4F-4100-998D-3137F8ADCC8F}.Debug|Any CPU.ActiveCfg = Debug|Any CPU
		{631E0C4A-DF4F-4100-998D-3137F8ADCC8F}.Debug|Any CPU.Build.0 = Debug|Any CPU
		{631E0C4A-DF4F-4100-998D-3137F8ADCC8F}.Debug|ARM.ActiveCfg = Debug|Any CPU
		{631E0C4A-DF4F-4100-998D-3137F8ADCC8F}.Debug|Mixed Platforms.ActiveCfg = Debug|Any CPU
		{631E0C4A-DF4F-4100-998D-3137F8ADCC8F}.Debug|Mixed Platforms.Build.0 = Debug|Any CPU
		{631E0C4A-DF4F-4100-998D-3137F8ADCC8F}.Debug|x64.ActiveCfg = Debug|Any CPU
		{631E0C4A-DF4F-4100-998D-3137F8ADCC8F}.Debug|x86.ActiveCfg = Debug|Any CPU
		{631E0C4A-DF4F-4100-998D-3137F8ADCC8F}.Release|Any CPU.ActiveCfg = Release|Any CPU
		{631E0C4A-DF4F-4100-998D-3137F8ADCC8F}.Release|Any CPU.Build.0 = Release|Any CPU
		{631E0C4A-DF4F-4100-998D-3137F8ADCC8F}.Release|ARM.ActiveCfg = Release|Any CPU
		{631E0C4A-DF4F-4100-998D-3137F8ADCC8F}.Release|Mixed Platforms.ActiveCfg = Release|Any CPU
		{631E0C4A-DF4F-4100-998D-3137F8ADCC8F}.Release|Mixed Platforms.Build.0 = Release|Any CPU
		{631E0C4A-DF4F-4100-998D-3137F8ADCC8F}.Release|x64.ActiveCfg = Release|Any CPU
		{631E0C4A-DF4F-4100-998D-3137F8ADCC8F}.Release|x86.ActiveCfg = Release|Any CPU
		{74E8278A-5A85-4826-9FCB-06D544259062}.Debug|Any CPU.ActiveCfg = Debug|x86
		{74E8278A-5A85-4826-9FCB-06D544259062}.Debug|Any CPU.Build.0 = Debug|x86
		{74E8278A-5A85-4826-9FCB-06D544259062}.Debug|Any CPU.Deploy.0 = Debug|x86
		{74E8278A-5A85-4826-9FCB-06D544259062}.Debug|ARM.ActiveCfg = Debug|ARM
		{74E8278A-5A85-4826-9FCB-06D544259062}.Debug|ARM.Build.0 = Debug|ARM
		{74E8278A-5A85-4826-9FCB-06D544259062}.Debug|ARM.Deploy.0 = Debug|ARM
		{74E8278A-5A85-4826-9FCB-06D544259062}.Debug|Mixed Platforms.ActiveCfg = Debug|x86
		{74E8278A-5A85-4826-9FCB-06D544259062}.Debug|Mixed Platforms.Build.0 = Debug|x86
		{74E8278A-5A85-4826-9FCB-06D544259062}.Debug|Mixed Platforms.Deploy.0 = Debug|x86
		{74E8278A-5A85-4826-9FCB-06D544259062}.Debug|x64.ActiveCfg = Debug|x86
		{74E8278A-5A85-4826-9FCB-06D544259062}.Debug|x86.ActiveCfg = Debug|x86
		{74E8278A-5A85-4826-9FCB-06D544259062}.Debug|x86.Build.0 = Debug|x86
		{74E8278A-5A85-4826-9FCB-06D544259062}.Debug|x86.Deploy.0 = Debug|x86
		{74E8278A-5A85-4826-9FCB-06D544259062}.Release|Any CPU.ActiveCfg = Release|x86
		{74E8278A-5A85-4826-9FCB-06D544259062}.Release|ARM.ActiveCfg = Release|ARM
		{74E8278A-5A85-4826-9FCB-06D544259062}.Release|ARM.Build.0 = Release|ARM
		{74E8278A-5A85-4826-9FCB-06D544259062}.Release|ARM.Deploy.0 = Release|ARM
		{74E8278A-5A85-4826-9FCB-06D544259062}.Release|Mixed Platforms.ActiveCfg = Release|x86
		{74E8278A-5A85-4826-9FCB-06D544259062}.Release|Mixed Platforms.Build.0 = Release|x86
		{74E8278A-5A85-4826-9FCB-06D544259062}.Release|Mixed Platforms.Deploy.0 = Release|x86
		{74E8278A-5A85-4826-9FCB-06D544259062}.Release|x64.ActiveCfg = Release|x86
		{74E8278A-5A85-4826-9FCB-06D544259062}.Release|x86.ActiveCfg = Release|x86
		{74E8278A-5A85-4826-9FCB-06D544259062}.Release|x86.Build.0 = Release|x86
		{74E8278A-5A85-4826-9FCB-06D544259062}.Release|x86.Deploy.0 = Release|x86
		{886B9EB4-FEF1-4AB5-A3FC-CA2B11CC8D95}.Debug|Any CPU.ActiveCfg = Debug|Any CPU
		{886B9EB4-FEF1-4AB5-A3FC-CA2B11CC8D95}.Debug|Any CPU.Build.0 = Debug|Any CPU
		{886B9EB4-FEF1-4AB5-A3FC-CA2B11CC8D95}.Debug|ARM.ActiveCfg = Debug|Any CPU
		{886B9EB4-FEF1-4AB5-A3FC-CA2B11CC8D95}.Debug|Mixed Platforms.ActiveCfg = Debug|Any CPU
		{886B9EB4-FEF1-4AB5-A3FC-CA2B11CC8D95}.Debug|Mixed Platforms.Build.0 = Debug|Any CPU
		{886B9EB4-FEF1-4AB5-A3FC-CA2B11CC8D95}.Debug|x64.ActiveCfg = Debug|Any CPU
		{886B9EB4-FEF1-4AB5-A3FC-CA2B11CC8D95}.Debug|x86.ActiveCfg = Debug|Any CPU
		{886B9EB4-FEF1-4AB5-A3FC-CA2B11CC8D95}.Release|Any CPU.ActiveCfg = Release|Any CPU
		{886B9EB4-FEF1-4AB5-A3FC-CA2B11CC8D95}.Release|ARM.ActiveCfg = Release|Any CPU
		{886B9EB4-FEF1-4AB5-A3FC-CA2B11CC8D95}.Release|Mixed Platforms.ActiveCfg = Release|Any CPU
		{886B9EB4-FEF1-4AB5-A3FC-CA2B11CC8D95}.Release|Mixed Platforms.Build.0 = Release|Any CPU
		{886B9EB4-FEF1-4AB5-A3FC-CA2B11CC8D95}.Release|x64.ActiveCfg = Release|Any CPU
		{886B9EB4-FEF1-4AB5-A3FC-CA2B11CC8D95}.Release|x86.ActiveCfg = Release|Any CPU
		{3981146A-3729-4D12-9E05-5AF3F5579EC2}.Debug|Any CPU.ActiveCfg = Debug|Any CPU
		{3981146A-3729-4D12-9E05-5AF3F5579EC2}.Debug|Any CPU.Build.0 = Debug|Any CPU
		{3981146A-3729-4D12-9E05-5AF3F5579EC2}.Debug|ARM.ActiveCfg = Debug|Any CPU
		{3981146A-3729-4D12-9E05-5AF3F5579EC2}.Debug|ARM.Build.0 = Debug|Any CPU
		{3981146A-3729-4D12-9E05-5AF3F5579EC2}.Debug|Mixed Platforms.ActiveCfg = Debug|Any CPU
		{3981146A-3729-4D12-9E05-5AF3F5579EC2}.Debug|Mixed Platforms.Build.0 = Debug|Any CPU
		{3981146A-3729-4D12-9E05-5AF3F5579EC2}.Debug|x64.ActiveCfg = Debug|Any CPU
		{3981146A-3729-4D12-9E05-5AF3F5579EC2}.Debug|x64.Build.0 = Debug|Any CPU
		{3981146A-3729-4D12-9E05-5AF3F5579EC2}.Debug|x86.ActiveCfg = Debug|Any CPU
		{3981146A-3729-4D12-9E05-5AF3F5579EC2}.Debug|x86.Build.0 = Debug|Any CPU
		{3981146A-3729-4D12-9E05-5AF3F5579EC2}.Release|Any CPU.ActiveCfg = Release|Any CPU
		{3981146A-3729-4D12-9E05-5AF3F5579EC2}.Release|Any CPU.Build.0 = Release|Any CPU
		{3981146A-3729-4D12-9E05-5AF3F5579EC2}.Release|ARM.ActiveCfg = Release|Any CPU
		{3981146A-3729-4D12-9E05-5AF3F5579EC2}.Release|ARM.Build.0 = Release|Any CPU
		{3981146A-3729-4D12-9E05-5AF3F5579EC2}.Release|Mixed Platforms.ActiveCfg = Release|Any CPU
		{3981146A-3729-4D12-9E05-5AF3F5579EC2}.Release|Mixed Platforms.Build.0 = Release|Any CPU
		{3981146A-3729-4D12-9E05-5AF3F5579EC2}.Release|x64.ActiveCfg = Release|Any CPU
		{3981146A-3729-4D12-9E05-5AF3F5579EC2}.Release|x64.Build.0 = Release|Any CPU
		{3981146A-3729-4D12-9E05-5AF3F5579EC2}.Release|x86.ActiveCfg = Release|Any CPU
		{3981146A-3729-4D12-9E05-5AF3F5579EC2}.Release|x86.Build.0 = Release|Any CPU
		{DFED83D8-EF9B-4741-8C38-8A8CBD09DC38}.Debug|Any CPU.ActiveCfg = Debug|Any CPU
		{DFED83D8-EF9B-4741-8C38-8A8CBD09DC38}.Debug|Any CPU.Build.0 = Debug|Any CPU
		{DFED83D8-EF9B-4741-8C38-8A8CBD09DC38}.Debug|Any CPU.Deploy.0 = Debug|Any CPU
		{DFED83D8-EF9B-4741-8C38-8A8CBD09DC38}.Debug|ARM.ActiveCfg = Debug|ARM
		{DFED83D8-EF9B-4741-8C38-8A8CBD09DC38}.Debug|ARM.Build.0 = Debug|ARM
		{DFED83D8-EF9B-4741-8C38-8A8CBD09DC38}.Debug|ARM.Deploy.0 = Debug|ARM
		{DFED83D8-EF9B-4741-8C38-8A8CBD09DC38}.Debug|Mixed Platforms.ActiveCfg = Debug|x86
		{DFED83D8-EF9B-4741-8C38-8A8CBD09DC38}.Debug|Mixed Platforms.Build.0 = Debug|x86
		{DFED83D8-EF9B-4741-8C38-8A8CBD09DC38}.Debug|Mixed Platforms.Deploy.0 = Debug|x86
		{DFED83D8-EF9B-4741-8C38-8A8CBD09DC38}.Debug|x64.ActiveCfg = Debug|x64
		{DFED83D8-EF9B-4741-8C38-8A8CBD09DC38}.Debug|x64.Build.0 = Debug|x64
		{DFED83D8-EF9B-4741-8C38-8A8CBD09DC38}.Debug|x64.Deploy.0 = Debug|x64
		{DFED83D8-EF9B-4741-8C38-8A8CBD09DC38}.Debug|x86.ActiveCfg = Debug|x86
		{DFED83D8-EF9B-4741-8C38-8A8CBD09DC38}.Debug|x86.Build.0 = Debug|x86
		{DFED83D8-EF9B-4741-8C38-8A8CBD09DC38}.Debug|x86.Deploy.0 = Debug|x86
		{DFED83D8-EF9B-4741-8C38-8A8CBD09DC38}.Release|Any CPU.ActiveCfg = Release|Any CPU
		{DFED83D8-EF9B-4741-8C38-8A8CBD09DC38}.Release|ARM.ActiveCfg = Release|ARM
		{DFED83D8-EF9B-4741-8C38-8A8CBD09DC38}.Release|ARM.Build.0 = Release|ARM
		{DFED83D8-EF9B-4741-8C38-8A8CBD09DC38}.Release|ARM.Deploy.0 = Release|ARM
		{DFED83D8-EF9B-4741-8C38-8A8CBD09DC38}.Release|Mixed Platforms.ActiveCfg = Release|x86
		{DFED83D8-EF9B-4741-8C38-8A8CBD09DC38}.Release|Mixed Platforms.Build.0 = Release|x86
		{DFED83D8-EF9B-4741-8C38-8A8CBD09DC38}.Release|Mixed Platforms.Deploy.0 = Release|x86
		{DFED83D8-EF9B-4741-8C38-8A8CBD09DC38}.Release|x64.ActiveCfg = Release|x64
		{DFED83D8-EF9B-4741-8C38-8A8CBD09DC38}.Release|x64.Build.0 = Release|x64
		{DFED83D8-EF9B-4741-8C38-8A8CBD09DC38}.Release|x64.Deploy.0 = Release|x64
		{DFED83D8-EF9B-4741-8C38-8A8CBD09DC38}.Release|x86.ActiveCfg = Release|x86
		{DFED83D8-EF9B-4741-8C38-8A8CBD09DC38}.Release|x86.Build.0 = Release|x86
		{DFED83D8-EF9B-4741-8C38-8A8CBD09DC38}.Release|x86.Deploy.0 = Release|x86
		{AD54985B-D980-4EFA-93F2-8491CDB4EEFC}.Debug|Any CPU.ActiveCfg = Debug|Any CPU
		{AD54985B-D980-4EFA-93F2-8491CDB4EEFC}.Debug|Any CPU.Build.0 = Debug|Any CPU
		{AD54985B-D980-4EFA-93F2-8491CDB4EEFC}.Debug|ARM.ActiveCfg = Debug|Any CPU
		{AD54985B-D980-4EFA-93F2-8491CDB4EEFC}.Debug|ARM.Build.0 = Debug|Any CPU
		{AD54985B-D980-4EFA-93F2-8491CDB4EEFC}.Debug|Mixed Platforms.ActiveCfg = Debug|Any CPU
		{AD54985B-D980-4EFA-93F2-8491CDB4EEFC}.Debug|Mixed Platforms.Build.0 = Debug|Any CPU
		{AD54985B-D980-4EFA-93F2-8491CDB4EEFC}.Debug|x64.ActiveCfg = Debug|Any CPU
		{AD54985B-D980-4EFA-93F2-8491CDB4EEFC}.Debug|x64.Build.0 = Debug|Any CPU
		{AD54985B-D980-4EFA-93F2-8491CDB4EEFC}.Debug|x86.ActiveCfg = Debug|Any CPU
		{AD54985B-D980-4EFA-93F2-8491CDB4EEFC}.Debug|x86.Build.0 = Debug|Any CPU
		{AD54985B-D980-4EFA-93F2-8491CDB4EEFC}.Release|Any CPU.ActiveCfg = Release|Any CPU
		{AD54985B-D980-4EFA-93F2-8491CDB4EEFC}.Release|Any CPU.Build.0 = Release|Any CPU
		{AD54985B-D980-4EFA-93F2-8491CDB4EEFC}.Release|ARM.ActiveCfg = Release|Any CPU
		{AD54985B-D980-4EFA-93F2-8491CDB4EEFC}.Release|ARM.Build.0 = Release|Any CPU
		{AD54985B-D980-4EFA-93F2-8491CDB4EEFC}.Release|Mixed Platforms.ActiveCfg = Release|Any CPU
		{AD54985B-D980-4EFA-93F2-8491CDB4EEFC}.Release|Mixed Platforms.Build.0 = Release|Any CPU
		{AD54985B-D980-4EFA-93F2-8491CDB4EEFC}.Release|x64.ActiveCfg = Release|Any CPU
		{AD54985B-D980-4EFA-93F2-8491CDB4EEFC}.Release|x64.Build.0 = Release|Any CPU
		{AD54985B-D980-4EFA-93F2-8491CDB4EEFC}.Release|x86.ActiveCfg = Release|Any CPU
		{AD54985B-D980-4EFA-93F2-8491CDB4EEFC}.Release|x86.Build.0 = Release|Any CPU
		{EECC588D-E57D-4BBA-AB11-7F3ED3830A93}.Debug|Any CPU.ActiveCfg = Debug|Any CPU
		{EECC588D-E57D-4BBA-AB11-7F3ED3830A93}.Debug|Any CPU.Build.0 = Debug|Any CPU
		{EECC588D-E57D-4BBA-AB11-7F3ED3830A93}.Debug|Any CPU.Deploy.0 = Debug|Any CPU
		{EECC588D-E57D-4BBA-AB11-7F3ED3830A93}.Debug|ARM.ActiveCfg = Debug|ARM
		{EECC588D-E57D-4BBA-AB11-7F3ED3830A93}.Debug|ARM.Build.0 = Debug|ARM
		{EECC588D-E57D-4BBA-AB11-7F3ED3830A93}.Debug|ARM.Deploy.0 = Debug|ARM
		{EECC588D-E57D-4BBA-AB11-7F3ED3830A93}.Debug|Mixed Platforms.ActiveCfg = Debug|x86
		{EECC588D-E57D-4BBA-AB11-7F3ED3830A93}.Debug|Mixed Platforms.Build.0 = Debug|x86
		{EECC588D-E57D-4BBA-AB11-7F3ED3830A93}.Debug|Mixed Platforms.Deploy.0 = Debug|x86
		{EECC588D-E57D-4BBA-AB11-7F3ED3830A93}.Debug|x64.ActiveCfg = Debug|x64
		{EECC588D-E57D-4BBA-AB11-7F3ED3830A93}.Debug|x64.Build.0 = Debug|x64
		{EECC588D-E57D-4BBA-AB11-7F3ED3830A93}.Debug|x64.Deploy.0 = Debug|x64
		{EECC588D-E57D-4BBA-AB11-7F3ED3830A93}.Debug|x86.ActiveCfg = Debug|x86
		{EECC588D-E57D-4BBA-AB11-7F3ED3830A93}.Debug|x86.Build.0 = Debug|x86
		{EECC588D-E57D-4BBA-AB11-7F3ED3830A93}.Debug|x86.Deploy.0 = Debug|x86
		{EECC588D-E57D-4BBA-AB11-7F3ED3830A93}.Release|Any CPU.ActiveCfg = Release|Any CPU
		{EECC588D-E57D-4BBA-AB11-7F3ED3830A93}.Release|ARM.ActiveCfg = Release|ARM
		{EECC588D-E57D-4BBA-AB11-7F3ED3830A93}.Release|ARM.Build.0 = Release|ARM
		{EECC588D-E57D-4BBA-AB11-7F3ED3830A93}.Release|ARM.Deploy.0 = Release|ARM
		{EECC588D-E57D-4BBA-AB11-7F3ED3830A93}.Release|Mixed Platforms.ActiveCfg = Release|x86
		{EECC588D-E57D-4BBA-AB11-7F3ED3830A93}.Release|Mixed Platforms.Build.0 = Release|x86
		{EECC588D-E57D-4BBA-AB11-7F3ED3830A93}.Release|Mixed Platforms.Deploy.0 = Release|x86
		{EECC588D-E57D-4BBA-AB11-7F3ED3830A93}.Release|x64.ActiveCfg = Release|x64
		{EECC588D-E57D-4BBA-AB11-7F3ED3830A93}.Release|x64.Build.0 = Release|x64
		{EECC588D-E57D-4BBA-AB11-7F3ED3830A93}.Release|x64.Deploy.0 = Release|x64
		{EECC588D-E57D-4BBA-AB11-7F3ED3830A93}.Release|x86.ActiveCfg = Release|x86
		{EECC588D-E57D-4BBA-AB11-7F3ED3830A93}.Release|x86.Build.0 = Release|x86
		{EECC588D-E57D-4BBA-AB11-7F3ED3830A93}.Release|x86.Deploy.0 = Release|x86
	EndGlobalSection
	GlobalSection(SolutionProperties) = preSolution
		HideSolutionNode = FALSE
	EndGlobalSection
	GlobalSection(NestedProjects) = preSolution
		{AB120C5D-9E86-4D79-913F-9DAD4D8E631D} = {0FD14156-1EC2-4025-AECE-F1CADEDBA18D}
		{50171417-20B2-4E11-A89A-D246508AB5DD} = {0FD14156-1EC2-4025-AECE-F1CADEDBA18D}
		{631E0C4A-DF4F-4100-998D-3137F8ADCC8F} = {0FD14156-1EC2-4025-AECE-F1CADEDBA18D}
		{74E8278A-5A85-4826-9FCB-06D544259062} = {1A9C795E-6E5A-4585-BED5-5920948E2807}
		{886B9EB4-FEF1-4AB5-A3FC-CA2B11CC8D95} = {1A9C795E-6E5A-4585-BED5-5920948E2807}
		{3981146A-3729-4D12-9E05-5AF3F5579EC2} = {0FD14156-1EC2-4025-AECE-F1CADEDBA18D}
		{DFED83D8-EF9B-4741-8C38-8A8CBD09DC38} = {1A9C795E-6E5A-4585-BED5-5920948E2807}
		{AD54985B-D980-4EFA-93F2-8491CDB4EEFC} = {0FD14156-1EC2-4025-AECE-F1CADEDBA18D}
		{EECC588D-E57D-4BBA-AB11-7F3ED3830A93} = {1A9C795E-6E5A-4585-BED5-5920948E2807}
	EndGlobalSection
EndGlobal
