
Microsoft Visual Studio Solution File, Format Version 11.00
# Visual Studio 2010
Project("{FAE04EC0-301F-11D3-BF4B-00C04F79EFBC}") = "BrightstarDB", "..\core\BrightstarDB\BrightstarDB.csproj", "{121A81F3-EB1C-4228-81FB-0D7505A438FB}"
EndProject
Project("{FAE04EC0-301F-11D3-BF4B-00C04F79EFBC}") = "BrightstarDB.ClusterNode", "BrightstarDB.ClusterNode\BrightstarDB.ClusterNode.csproj", "{383E7011-6F86-4539-8DC0-C5403440857B}"
EndProject
Project("{FAE04EC0-301F-11D3-BF4B-00C04F79EFBC}") = "BrightstarDB.ClusterTests", "BrightstarDB.ClusterTests\BrightstarDB.ClusterTests.csproj", "{1BBFF197-4E8E-4AD1-9286-3B244316B275}"
EndProject
Project("{2150E333-8FDC-42A3-9474-1A3956D46DE8}") = "Solution Items", "Solution Items", "{8B1C0DAC-144E-4C02-B078-C28CC73AAF3D}"
	ProjectSection(SolutionItems) = preProject
		cluster.vsmdi = cluster.vsmdi
		Local.testsettings = Local.testsettings
		TraceAndTestImpact.testsettings = TraceAndTestImpact.testsettings
	EndProjectSection
EndProject
Project("{FAE04EC0-301F-11D3-BF4B-00C04F79EFBC}") = "BrightstarDB.ClusterManager", "BrightstarDB.ClusterManager\BrightstarDB.ClusterManager.csproj", "{A525296E-5254-4351-AF4E-C2B69A94390F}"
EndProject
Project("{FAE04EC0-301F-11D3-BF4B-00C04F79EFBC}") = "BrightstarDB.Cluster.Common", "BrightstarDB.Cluster.Common\BrightstarDB.Cluster.Common.csproj", "{CF8236CB-77C6-4027-914D-3D623FC015B3}"
EndProject
Project("{FAE04EC0-301F-11D3-BF4B-00C04F79EFBC}") = "BrightstarDB.ClusterManagerService", "BrightstarDB.ClusterManagerService\BrightstarDB.ClusterManagerService.csproj", "{7850C311-52C3-4B39-B08E-317FD31DAAE7}"
EndProject
Project("{FAE04EC0-301F-11D3-BF4B-00C04F79EFBC}") = "BrightstarDB.ClusterNodeService", "BrightstarDB.ClusterNodeService\BrightstarDB.ClusterNodeService.csproj", "{37FD281E-E7D8-453D-9ACB-7ACB69BDF54C}"
EndProject
Project("{FAE04EC0-301F-11D3-BF4B-00C04F79EFBC}") = "BrightstarDB.NodeServerRunner", "BrightstarDB.NodeServerRunner\BrightstarDB.NodeServerRunner.csproj", "{202A250B-A236-4560-A1BC-7B1E81A7769B}"
EndProject
Project("{FAE04EC0-301F-11D3-BF4B-00C04F79EFBC}") = "BrightstarDB.Service", "..\core\BrightstarDB.Service\BrightstarDB.Service.csproj", "{9BBB50DF-AE78-4BFC-8AFA-FF829E86DF8A}"
EndProject
Global
	GlobalSection(TestCaseManagementSettings) = postSolution
		CategoryFile = cluster.vsmdi
	EndGlobalSection
	GlobalSection(SolutionConfigurationPlatforms) = preSolution
		CloudDebug|Any CPU = CloudDebug|Any CPU
		CloudDebug|Mixed Platforms = CloudDebug|Mixed Platforms
		CloudDebug|x86 = CloudDebug|x86
		Debug|Any CPU = Debug|Any CPU
		Debug|Mixed Platforms = Debug|Mixed Platforms
		Debug|x86 = Debug|x86
		Release|Any CPU = Release|Any CPU
		Release|Mixed Platforms = Release|Mixed Platforms
		Release|x86 = Release|x86
		Staging|Any CPU = Staging|Any CPU
		Staging|Mixed Platforms = Staging|Mixed Platforms
		Staging|x86 = Staging|x86
	EndGlobalSection
	GlobalSection(ProjectConfigurationPlatforms) = postSolution
		{121A81F3-EB1C-4228-81FB-0D7505A438FB}.CloudDebug|Any CPU.ActiveCfg = CloudDebug|Any CPU
		{121A81F3-EB1C-4228-81FB-0D7505A438FB}.CloudDebug|Any CPU.Build.0 = CloudDebug|Any CPU
		{121A81F3-EB1C-4228-81FB-0D7505A438FB}.CloudDebug|Mixed Platforms.ActiveCfg = CloudDebug|Any CPU
		{121A81F3-EB1C-4228-81FB-0D7505A438FB}.CloudDebug|Mixed Platforms.Build.0 = CloudDebug|Any CPU
		{121A81F3-EB1C-4228-81FB-0D7505A438FB}.CloudDebug|x86.ActiveCfg = CloudDebug|Any CPU
		{121A81F3-EB1C-4228-81FB-0D7505A438FB}.Debug|Any CPU.ActiveCfg = Debug|Any CPU
		{121A81F3-EB1C-4228-81FB-0D7505A438FB}.Debug|Any CPU.Build.0 = Debug|Any CPU
		{121A81F3-EB1C-4228-81FB-0D7505A438FB}.Debug|Mixed Platforms.ActiveCfg = Debug|Any CPU
		{121A81F3-EB1C-4228-81FB-0D7505A438FB}.Debug|Mixed Platforms.Build.0 = Debug|Any CPU
		{121A81F3-EB1C-4228-81FB-0D7505A438FB}.Debug|x86.ActiveCfg = Debug|Any CPU
		{121A81F3-EB1C-4228-81FB-0D7505A438FB}.Release|Any CPU.ActiveCfg = Release|Any CPU
		{121A81F3-EB1C-4228-81FB-0D7505A438FB}.Release|Any CPU.Build.0 = Release|Any CPU
		{121A81F3-EB1C-4228-81FB-0D7505A438FB}.Release|Mixed Platforms.ActiveCfg = Release|Any CPU
		{121A81F3-EB1C-4228-81FB-0D7505A438FB}.Release|Mixed Platforms.Build.0 = Release|Any CPU
		{121A81F3-EB1C-4228-81FB-0D7505A438FB}.Release|x86.ActiveCfg = Release|Any CPU
		{121A81F3-EB1C-4228-81FB-0D7505A438FB}.Staging|Any CPU.ActiveCfg = Staging|Any CPU
		{121A81F3-EB1C-4228-81FB-0D7505A438FB}.Staging|Any CPU.Build.0 = Staging|Any CPU
		{121A81F3-EB1C-4228-81FB-0D7505A438FB}.Staging|Mixed Platforms.ActiveCfg = Staging|Any CPU
		{121A81F3-EB1C-4228-81FB-0D7505A438FB}.Staging|Mixed Platforms.Build.0 = Staging|Any CPU
		{121A81F3-EB1C-4228-81FB-0D7505A438FB}.Staging|x86.ActiveCfg = Staging|Any CPU
		{383E7011-6F86-4539-8DC0-C5403440857B}.CloudDebug|Any CPU.ActiveCfg = Debug|Any CPU
		{383E7011-6F86-4539-8DC0-C5403440857B}.CloudDebug|Any CPU.Build.0 = Debug|Any CPU
		{383E7011-6F86-4539-8DC0-C5403440857B}.CloudDebug|Mixed Platforms.ActiveCfg = Debug|Any CPU
		{383E7011-6F86-4539-8DC0-C5403440857B}.CloudDebug|Mixed Platforms.Build.0 = Debug|Any CPU
		{383E7011-6F86-4539-8DC0-C5403440857B}.CloudDebug|x86.ActiveCfg = Debug|Any CPU
		{383E7011-6F86-4539-8DC0-C5403440857B}.Debug|Any CPU.ActiveCfg = Debug|Any CPU
		{383E7011-6F86-4539-8DC0-C5403440857B}.Debug|Any CPU.Build.0 = Debug|Any CPU
		{383E7011-6F86-4539-8DC0-C5403440857B}.Debug|Mixed Platforms.ActiveCfg = Debug|Any CPU
		{383E7011-6F86-4539-8DC0-C5403440857B}.Debug|Mixed Platforms.Build.0 = Debug|Any CPU
		{383E7011-6F86-4539-8DC0-C5403440857B}.Debug|x86.ActiveCfg = Debug|Any CPU
		{383E7011-6F86-4539-8DC0-C5403440857B}.Release|Any CPU.ActiveCfg = Release|Any CPU
		{383E7011-6F86-4539-8DC0-C5403440857B}.Release|Any CPU.Build.0 = Release|Any CPU
		{383E7011-6F86-4539-8DC0-C5403440857B}.Release|Mixed Platforms.ActiveCfg = Release|Any CPU
		{383E7011-6F86-4539-8DC0-C5403440857B}.Release|Mixed Platforms.Build.0 = Release|Any CPU
		{383E7011-6F86-4539-8DC0-C5403440857B}.Release|x86.ActiveCfg = Release|Any CPU
		{383E7011-6F86-4539-8DC0-C5403440857B}.Staging|Any CPU.ActiveCfg = Release|Any CPU
		{383E7011-6F86-4539-8DC0-C5403440857B}.Staging|Any CPU.Build.0 = Release|Any CPU
		{383E7011-6F86-4539-8DC0-C5403440857B}.Staging|Mixed Platforms.ActiveCfg = Release|Any CPU
		{383E7011-6F86-4539-8DC0-C5403440857B}.Staging|Mixed Platforms.Build.0 = Release|Any CPU
		{383E7011-6F86-4539-8DC0-C5403440857B}.Staging|x86.ActiveCfg = Release|Any CPU
		{1BBFF197-4E8E-4AD1-9286-3B244316B275}.CloudDebug|Any CPU.ActiveCfg = Debug|Any CPU
		{1BBFF197-4E8E-4AD1-9286-3B244316B275}.CloudDebug|Any CPU.Build.0 = Debug|Any CPU
		{1BBFF197-4E8E-4AD1-9286-3B244316B275}.CloudDebug|Mixed Platforms.ActiveCfg = Debug|Any CPU
		{1BBFF197-4E8E-4AD1-9286-3B244316B275}.CloudDebug|Mixed Platforms.Build.0 = Debug|Any CPU
		{1BBFF197-4E8E-4AD1-9286-3B244316B275}.CloudDebug|x86.ActiveCfg = Debug|Any CPU
		{1BBFF197-4E8E-4AD1-9286-3B244316B275}.Debug|Any CPU.ActiveCfg = Debug|Any CPU
		{1BBFF197-4E8E-4AD1-9286-3B244316B275}.Debug|Any CPU.Build.0 = Debug|Any CPU
		{1BBFF197-4E8E-4AD1-9286-3B244316B275}.Debug|Mixed Platforms.ActiveCfg = Debug|Any CPU
		{1BBFF197-4E8E-4AD1-9286-3B244316B275}.Debug|Mixed Platforms.Build.0 = Debug|Any CPU
		{1BBFF197-4E8E-4AD1-9286-3B244316B275}.Debug|x86.ActiveCfg = Debug|Any CPU
		{1BBFF197-4E8E-4AD1-9286-3B244316B275}.Release|Any CPU.ActiveCfg = Release|Any CPU
		{1BBFF197-4E8E-4AD1-9286-3B244316B275}.Release|Any CPU.Build.0 = Release|Any CPU
		{1BBFF197-4E8E-4AD1-9286-3B244316B275}.Release|Mixed Platforms.ActiveCfg = Release|Any CPU
		{1BBFF197-4E8E-4AD1-9286-3B244316B275}.Release|Mixed Platforms.Build.0 = Release|Any CPU
		{1BBFF197-4E8E-4AD1-9286-3B244316B275}.Release|x86.ActiveCfg = Release|Any CPU
		{1BBFF197-4E8E-4AD1-9286-3B244316B275}.Staging|Any CPU.ActiveCfg = Release|Any CPU
		{1BBFF197-4E8E-4AD1-9286-3B244316B275}.Staging|Any CPU.Build.0 = Release|Any CPU
		{1BBFF197-4E8E-4AD1-9286-3B244316B275}.Staging|Mixed Platforms.ActiveCfg = Release|Any CPU
		{1BBFF197-4E8E-4AD1-9286-3B244316B275}.Staging|Mixed Platforms.Build.0 = Release|Any CPU
		{1BBFF197-4E8E-4AD1-9286-3B244316B275}.Staging|x86.ActiveCfg = Release|Any CPU
		{A525296E-5254-4351-AF4E-C2B69A94390F}.CloudDebug|Any CPU.ActiveCfg = Debug|Any CPU
		{A525296E-5254-4351-AF4E-C2B69A94390F}.CloudDebug|Any CPU.Build.0 = Debug|Any CPU
		{A525296E-5254-4351-AF4E-C2B69A94390F}.CloudDebug|Mixed Platforms.ActiveCfg = Debug|Any CPU
		{A525296E-5254-4351-AF4E-C2B69A94390F}.CloudDebug|Mixed Platforms.Build.0 = Debug|Any CPU
		{A525296E-5254-4351-AF4E-C2B69A94390F}.CloudDebug|x86.ActiveCfg = Debug|Any CPU
		{A525296E-5254-4351-AF4E-C2B69A94390F}.Debug|Any CPU.ActiveCfg = Debug|Any CPU
		{A525296E-5254-4351-AF4E-C2B69A94390F}.Debug|Any CPU.Build.0 = Debug|Any CPU
		{A525296E-5254-4351-AF4E-C2B69A94390F}.Debug|Mixed Platforms.ActiveCfg = Debug|Any CPU
		{A525296E-5254-4351-AF4E-C2B69A94390F}.Debug|Mixed Platforms.Build.0 = Debug|Any CPU
		{A525296E-5254-4351-AF4E-C2B69A94390F}.Debug|x86.ActiveCfg = Debug|Any CPU
		{A525296E-5254-4351-AF4E-C2B69A94390F}.Release|Any CPU.ActiveCfg = Release|Any CPU
		{A525296E-5254-4351-AF4E-C2B69A94390F}.Release|Any CPU.Build.0 = Release|Any CPU
		{A525296E-5254-4351-AF4E-C2B69A94390F}.Release|Mixed Platforms.ActiveCfg = Release|Any CPU
		{A525296E-5254-4351-AF4E-C2B69A94390F}.Release|Mixed Platforms.Build.0 = Release|Any CPU
		{A525296E-5254-4351-AF4E-C2B69A94390F}.Release|x86.ActiveCfg = Release|Any CPU
		{A525296E-5254-4351-AF4E-C2B69A94390F}.Staging|Any CPU.ActiveCfg = Release|Any CPU
		{A525296E-5254-4351-AF4E-C2B69A94390F}.Staging|Any CPU.Build.0 = Release|Any CPU
		{A525296E-5254-4351-AF4E-C2B69A94390F}.Staging|Mixed Platforms.ActiveCfg = Release|Any CPU
		{A525296E-5254-4351-AF4E-C2B69A94390F}.Staging|Mixed Platforms.Build.0 = Release|Any CPU
		{A525296E-5254-4351-AF4E-C2B69A94390F}.Staging|x86.ActiveCfg = Release|Any CPU
		{CF8236CB-77C6-4027-914D-3D623FC015B3}.CloudDebug|Any CPU.ActiveCfg = Debug|Any CPU
		{CF8236CB-77C6-4027-914D-3D623FC015B3}.CloudDebug|Any CPU.Build.0 = Debug|Any CPU
		{CF8236CB-77C6-4027-914D-3D623FC015B3}.CloudDebug|Mixed Platforms.ActiveCfg = Debug|Any CPU
		{CF8236CB-77C6-4027-914D-3D623FC015B3}.CloudDebug|Mixed Platforms.Build.0 = Debug|Any CPU
		{CF8236CB-77C6-4027-914D-3D623FC015B3}.CloudDebug|x86.ActiveCfg = Debug|Any CPU
		{CF8236CB-77C6-4027-914D-3D623FC015B3}.Debug|Any CPU.ActiveCfg = Debug|Any CPU
		{CF8236CB-77C6-4027-914D-3D623FC015B3}.Debug|Any CPU.Build.0 = Debug|Any CPU
		{CF8236CB-77C6-4027-914D-3D623FC015B3}.Debug|Mixed Platforms.ActiveCfg = Debug|Any CPU
		{CF8236CB-77C6-4027-914D-3D623FC015B3}.Debug|Mixed Platforms.Build.0 = Debug|Any CPU
		{CF8236CB-77C6-4027-914D-3D623FC015B3}.Debug|x86.ActiveCfg = Debug|Any CPU
		{CF8236CB-77C6-4027-914D-3D623FC015B3}.Release|Any CPU.ActiveCfg = Release|Any CPU
		{CF8236CB-77C6-4027-914D-3D623FC015B3}.Release|Any CPU.Build.0 = Release|Any CPU
		{CF8236CB-77C6-4027-914D-3D623FC015B3}.Release|Mixed Platforms.ActiveCfg = Release|Any CPU
		{CF8236CB-77C6-4027-914D-3D623FC015B3}.Release|Mixed Platforms.Build.0 = Release|Any CPU
		{CF8236CB-77C6-4027-914D-3D623FC015B3}.Release|x86.ActiveCfg = Release|Any CPU
		{CF8236CB-77C6-4027-914D-3D623FC015B3}.Staging|Any CPU.ActiveCfg = Release|Any CPU
		{CF8236CB-77C6-4027-914D-3D623FC015B3}.Staging|Any CPU.Build.0 = Release|Any CPU
		{CF8236CB-77C6-4027-914D-3D623FC015B3}.Staging|Mixed Platforms.ActiveCfg = Release|Any CPU
		{CF8236CB-77C6-4027-914D-3D623FC015B3}.Staging|Mixed Platforms.Build.0 = Release|Any CPU
		{CF8236CB-77C6-4027-914D-3D623FC015B3}.Staging|x86.ActiveCfg = Release|Any CPU
		{37FD281E-E7D8-453D-9ACB-7ACB69BDF54C}.CloudDebug|Any CPU.ActiveCfg = Debug|Any CPU
		{37FD281E-E7D8-453D-9ACB-7ACB69BDF54C}.CloudDebug|Any CPU.Build.0 = Debug|Any CPU
		{37FD281E-E7D8-453D-9ACB-7ACB69BDF54C}.CloudDebug|Mixed Platforms.ActiveCfg = Debug|Any CPU
		{37FD281E-E7D8-453D-9ACB-7ACB69BDF54C}.CloudDebug|Mixed Platforms.Build.0 = Debug|Any CPU
		{37FD281E-E7D8-453D-9ACB-7ACB69BDF54C}.CloudDebug|x86.ActiveCfg = Debug|Any CPU
		{37FD281E-E7D8-453D-9ACB-7ACB69BDF54C}.Debug|Any CPU.ActiveCfg = Debug|Any CPU
		{37FD281E-E7D8-453D-9ACB-7ACB69BDF54C}.Debug|Any CPU.Build.0 = Debug|Any CPU
		{37FD281E-E7D8-453D-9ACB-7ACB69BDF54C}.Debug|Mixed Platforms.ActiveCfg = Debug|Any CPU
		{37FD281E-E7D8-453D-9ACB-7ACB69BDF54C}.Debug|Mixed Platforms.Build.0 = Debug|Any CPU
		{37FD281E-E7D8-453D-9ACB-7ACB69BDF54C}.Debug|x86.ActiveCfg = Debug|Any CPU
		{37FD281E-E7D8-453D-9ACB-7ACB69BDF54C}.Release|Any CPU.ActiveCfg = Release|Any CPU
		{37FD281E-E7D8-453D-9ACB-7ACB69BDF54C}.Release|Any CPU.Build.0 = Release|Any CPU
		{37FD281E-E7D8-453D-9ACB-7ACB69BDF54C}.Release|Mixed Platforms.ActiveCfg = Release|Any CPU
		{37FD281E-E7D8-453D-9ACB-7ACB69BDF54C}.Release|Mixed Platforms.Build.0 = Release|Any CPU
		{37FD281E-E7D8-453D-9ACB-7ACB69BDF54C}.Release|x86.ActiveCfg = Release|Any CPU
		{37FD281E-E7D8-453D-9ACB-7ACB69BDF54C}.Staging|Any CPU.ActiveCfg = Release|Any CPU
		{37FD281E-E7D8-453D-9ACB-7ACB69BDF54C}.Staging|Any CPU.Build.0 = Release|Any CPU
		{37FD281E-E7D8-453D-9ACB-7ACB69BDF54C}.Staging|Mixed Platforms.ActiveCfg = Release|Any CPU
		{37FD281E-E7D8-453D-9ACB-7ACB69BDF54C}.Staging|Mixed Platforms.Build.0 = Release|Any CPU
		{37FD281E-E7D8-453D-9ACB-7ACB69BDF54C}.Staging|x86.ActiveCfg = Release|Any CPU
		{202A250B-A236-4560-A1BC-7B1E81A7769B}.CloudDebug|Any CPU.ActiveCfg = Debug|x86
		{202A250B-A236-4560-A1BC-7B1E81A7769B}.CloudDebug|Mixed Platforms.ActiveCfg = Debug|x86
		{202A250B-A236-4560-A1BC-7B1E81A7769B}.CloudDebug|Mixed Platforms.Build.0 = Debug|x86
		{202A250B-A236-4560-A1BC-7B1E81A7769B}.CloudDebug|x86.ActiveCfg = Debug|x86
		{202A250B-A236-4560-A1BC-7B1E81A7769B}.CloudDebug|x86.Build.0 = Debug|x86
		{202A250B-A236-4560-A1BC-7B1E81A7769B}.Debug|Any CPU.ActiveCfg = Debug|x86
		{202A250B-A236-4560-A1BC-7B1E81A7769B}.Debug|Mixed Platforms.ActiveCfg = Debug|x86
		{202A250B-A236-4560-A1BC-7B1E81A7769B}.Debug|Mixed Platforms.Build.0 = Debug|x86
		{202A250B-A236-4560-A1BC-7B1E81A7769B}.Debug|x86.ActiveCfg = Debug|x86
		{202A250B-A236-4560-A1BC-7B1E81A7769B}.Debug|x86.Build.0 = Debug|x86
		{202A250B-A236-4560-A1BC-7B1E81A7769B}.Release|Any CPU.ActiveCfg = Release|x86
		{202A250B-A236-4560-A1BC-7B1E81A7769B}.Release|Mixed Platforms.ActiveCfg = Release|x86
		{202A250B-A236-4560-A1BC-7B1E81A7769B}.Release|Mixed Platforms.Build.0 = Release|x86
		{202A250B-A236-4560-A1BC-7B1E81A7769B}.Release|x86.ActiveCfg = Release|x86
		{202A250B-A236-4560-A1BC-7B1E81A7769B}.Release|x86.Build.0 = Release|x86
		{202A250B-A236-4560-A1BC-7B1E81A7769B}.Staging|Any CPU.ActiveCfg = Release|x86
		{202A250B-A236-4560-A1BC-7B1E81A7769B}.Staging|Mixed Platforms.ActiveCfg = Release|x86
		{202A250B-A236-4560-A1BC-7B1E81A7769B}.Staging|Mixed Platforms.Build.0 = Release|x86
		{202A250B-A236-4560-A1BC-7B1E81A7769B}.Staging|x86.ActiveCfg = Release|x86
		{202A250B-A236-4560-A1BC-7B1E81A7769B}.Staging|x86.Build.0 = Release|x86
		{9BBB50DF-AE78-4BFC-8AFA-FF829E86DF8A}.CloudDebug|Any CPU.ActiveCfg = Debug|Any CPU
		{9BBB50DF-AE78-4BFC-8AFA-FF829E86DF8A}.CloudDebug|Any CPU.Build.0 = Debug|Any CPU
		{9BBB50DF-AE78-4BFC-8AFA-FF829E86DF8A}.CloudDebug|Mixed Platforms.ActiveCfg = Debug|Any CPU
		{9BBB50DF-AE78-4BFC-8AFA-FF829E86DF8A}.CloudDebug|Mixed Platforms.Build.0 = Debug|Any CPU
		{9BBB50DF-AE78-4BFC-8AFA-FF829E86DF8A}.CloudDebug|x86.ActiveCfg = Debug|Any CPU
		{9BBB50DF-AE78-4BFC-8AFA-FF829E86DF8A}.Debug|Any CPU.ActiveCfg = Debug|Any CPU
		{9BBB50DF-AE78-4BFC-8AFA-FF829E86DF8A}.Debug|Any CPU.Build.0 = Debug|Any CPU
		{9BBB50DF-AE78-4BFC-8AFA-FF829E86DF8A}.Debug|Mixed Platforms.ActiveCfg = Debug|Any CPU
		{9BBB50DF-AE78-4BFC-8AFA-FF829E86DF8A}.Debug|Mixed Platforms.Build.0 = Debug|Any CPU
		{9BBB50DF-AE78-4BFC-8AFA-FF829E86DF8A}.Debug|x86.ActiveCfg = Debug|Any CPU
		{9BBB50DF-AE78-4BFC-8AFA-FF829E86DF8A}.Release|Any CPU.ActiveCfg = Release|Any CPU
		{9BBB50DF-AE78-4BFC-8AFA-FF829E86DF8A}.Release|Any CPU.Build.0 = Release|Any CPU
		{9BBB50DF-AE78-4BFC-8AFA-FF829E86DF8A}.Release|Mixed Platforms.ActiveCfg = Release|Any CPU
		{9BBB50DF-AE78-4BFC-8AFA-FF829E86DF8A}.Release|Mixed Platforms.Build.0 = Release|Any CPU
		{9BBB50DF-AE78-4BFC-8AFA-FF829E86DF8A}.Release|x86.ActiveCfg = Release|Any CPU
		{9BBB50DF-AE78-4BFC-8AFA-FF829E86DF8A}.Staging|Any CPU.ActiveCfg = Release|Any CPU
		{9BBB50DF-AE78-4BFC-8AFA-FF829E86DF8A}.Staging|Any CPU.Build.0 = Release|Any CPU
		{9BBB50DF-AE78-4BFC-8AFA-FF829E86DF8A}.Staging|Mixed Platforms.ActiveCfg = Release|Any CPU
		{9BBB50DF-AE78-4BFC-8AFA-FF829E86DF8A}.Staging|Mixed Platforms.Build.0 = Release|Any CPU
		{9BBB50DF-AE78-4BFC-8AFA-FF829E86DF8A}.Staging|x86.ActiveCfg = Release|Any CPU
	EndGlobalSection
	GlobalSection(SolutionProperties) = preSolution
		HideSolutionNode = FALSE
	EndGlobalSection
EndGlobal
