
Microsoft Visual Studio Solution File, Format Version 12.00
# Visual Studio Version 16
VisualStudioVersion = 16.0.29209.62
MinimumVisualStudioVersion = 10.0.40219.1
Project("{9A19103F-16F7-4668-BE54-9A1E7A4F7556}") = "DataObjectLayer.SampleCore", "DataObjectLayer.SampleCore\DataObjectLayer.SampleCore.csproj", "{7AB59D8A-6ED2-4F0F-9E8A-CA5AA3804B8E}"
EndProject
Global
	GlobalSection(SolutionConfigurationPlatforms) = preSolution
		Debug|Any CPU = Debug|Any CPU
		Debug|x86 = Debug|x86
		Release|Any CPU = Release|Any CPU
		Release|x86 = Release|x86
	EndGlobalSection
	GlobalSection(ProjectConfigurationPlatforms) = postSolution
		{7AB59D8A-6ED2-4F0F-9E8A-CA5AA3804B8E}.Debug|Any CPU.ActiveCfg = Debug|Any CPU
		{7AB59D8A-6ED2-4F0F-9E8A-CA5AA3804B8E}.Debug|Any CPU.Build.0 = Debug|Any CPU
		{7AB59D8A-6ED2-4F0F-9E8A-CA5AA3804B8E}.Debug|x86.ActiveCfg = Debug|Any CPU
		{7AB59D8A-6ED2-4F0F-9E8A-CA5AA3804B8E}.Debug|x86.Build.0 = Debug|Any CPU
		{7AB59D8A-6ED2-4F0F-9E8A-CA5AA3804B8E}.Release|Any CPU.ActiveCfg = Release|Any CPU
		{7AB59D8A-6ED2-4F0F-9E8A-CA5AA3804B8E}.Release|Any CPU.Build.0 = Release|Any CPU
		{7AB59D8A-6ED2-4F0F-9E8A-CA5AA3804B8E}.Release|x86.ActiveCfg = Release|Any CPU
		{7AB59D8A-6ED2-4F0F-9E8A-CA5AA3804B8E}.Release|x86.Build.0 = Release|Any CPU
	EndGlobalSection
	GlobalSection(SolutionProperties) = preSolution
		HideSolutionNode = FALSE
	EndGlobalSection
	GlobalSection(ExtensibilityGlobals) = postSolution
		SolutionGuid = {74423CFB-0B45-40F8-ACA9-8E1184842C05}
	EndGlobalSection
EndGlobal
