
Microsoft Visual Studio Solution File, Format Version 11.00
# Visual Studio 2010
Project("{2150E333-8FDC-42A3-9474-1A3956D46DE8}") = "Solution Items", "Solution Items", "{93E5640E-1C98-4FDC-ACC3-8E1EDAE86D3A}"
	ProjectSection(SolutionItems) = preProject
		azure.vsmdi = azure.vsmdi
		Local.testsettings = Local.testsettings
		Performance1.psess = Performance1.psess
		Performance2.psess = Performance2.psess
		TraceAndTestImpact.testsettings = TraceAndTestImpact.testsettings
	EndProjectSection
EndProject
Project("{2150E333-8FDC-42A3-9474-1A3956D46DE8}") = "Sql", "Sql", "{DB40C551-81B9-43E7-815B-05A99FD3D0A7}"
	ProjectSection(SolutionItems) = preProject
		sql\Jobs.sql = sql\Jobs.sql
	EndProjectSection
EndProject
Project("{FAE04EC0-301F-11D3-BF4B-00C04F79EFBC}") = "RestClientTester", "RestClientTester\RestClientTester.csproj", "{760E73D9-4622-428E-A543-6F5F828C136C}"
EndProject
Project("{FAE04EC0-301F-11D3-BF4B-00C04F79EFBC}") = "BrightstarDB", "..\core\BrightstarDB\BrightstarDB.csproj", "{121A81F3-EB1C-4228-81FB-0D7505A438FB}"
EndProject
Project("{FAE04EC0-301F-11D3-BF4B-00C04F79EFBC}") = "BrightstarDB.Azure.Common", "BrightstarDB.Azure.Common\BrightstarDB.Azure.Common.csproj", "{026809CF-5A57-4264-9BAC-24A4D07F76FA}"
EndProject
Project("{FAE04EC0-301F-11D3-BF4B-00C04F79EFBC}") = "BrightstarDB.Azure.Gateway", "BrightstarDB.Azure.Gateway\BrightstarDB.Azure.Gateway.csproj", "{C1B5E33C-C8AC-4AFE-8E80-2DB262C24000}"
EndProject
Project("{FAE04EC0-301F-11D3-BF4B-00C04F79EFBC}") = "BrightstarDB.Azure.Management", "BrightstarDB.Azure.Management\BrightstarDB.Azure.Management.csproj", "{C89CD028-A267-45B6-B429-453BB1E4CF22}"
EndProject
Project("{FAE04EC0-301F-11D3-BF4B-00C04F79EFBC}") = "BrightstarDB.Azure.StorageTests", "BrightstarDB.Azure.StorageTests\BrightstarDB.Azure.StorageTests.csproj", "{57A2879A-DE25-4700-B427-855F68FD21B2}"
EndProject
Project("{FAE04EC0-301F-11D3-BF4B-00C04F79EFBC}") = "BrightstarDB.Azure.StoreWorker", "BrightstarDB.Azure.StoreWorker\BrightstarDB.Azure.StoreWorker.csproj", "{88C1F270-6B31-4588-A19D-C4DA29841A52}"
EndProject
Project("{FAE04EC0-301F-11D3-BF4B-00C04F79EFBC}") = "BrightstarDB.Azure.StoreWorkerClient", "BrightstarDB.Azure.StoreWorkerClient\BrightstarDB.Azure.StoreWorkerClient.csproj", "{0D200739-44B9-4B64-958F-F7D93BD512AC}"
EndProject
Project("{CC5FD16D-436D-48AD-A40C-5A424C6E3E79}") = "BrightstarDB.AzureServices", "BrightstarDB.AzureServices\BrightstarDB.AzureServices.ccproj", "{193CA8F5-8467-40F3-A644-66461952910F}"
EndProject
Project("{FAE04EC0-301F-11D3-BF4B-00C04F79EFBC}") = "BrightstarDB.RestServiceTests", "BrightstarDB.RestServiceTests\BrightstarDB.RestServiceTests.csproj", "{D1EE4C24-889C-478C-B272-89757D26E4E2}"
EndProject
Project("{FAE04EC0-301F-11D3-BF4B-00C04F79EFBC}") = "BrightstarDB.Azure.AdminCommandLine", "BrightstarDB.Azure.AdminCommandLine\BrightstarDB.Azure.AdminCommandLine.csproj", "{B4354946-BE3C-4A4D-9772-4375D855929E}"
EndProject
Project("{FAE04EC0-301F-11D3-BF4B-00C04F79EFBC}") = "BrightstarDB.RestClient", "BrightstarDB.RestClient\BrightstarDB.RestClient.csproj", "{A2FEE226-93A2-42BD-B2B2-76F5E8562E97}"
EndProject
Global
	GlobalSection(TestCaseManagementSettings) = postSolution
		CategoryFile = azure.vsmdi
	EndGlobalSection
	GlobalSection(SolutionConfigurationPlatforms) = preSolution
		CloudDebug|Any CPU = CloudDebug|Any CPU
		CloudDebug|Mixed Platforms = CloudDebug|Mixed Platforms
		CloudDebug|x86 = CloudDebug|x86
		Debug|Any CPU = Debug|Any CPU
		Debug|Mixed Platforms = Debug|Mixed Platforms
		Debug|x86 = Debug|x86
		Release|Any CPU = Release|Any CPU
		Release|Mixed Platforms = Release|Mixed Platforms
		Release|x86 = Release|x86
		Staging|Any CPU = Staging|Any CPU
		Staging|Mixed Platforms = Staging|Mixed Platforms
		Staging|x86 = Staging|x86
	EndGlobalSection
	GlobalSection(ProjectConfigurationPlatforms) = postSolution
		{760E73D9-4622-428E-A543-6F5F828C136C}.CloudDebug|Any CPU.ActiveCfg = CloudDebug|x86
		{760E73D9-4622-428E-A543-6F5F828C136C}.CloudDebug|Mixed Platforms.ActiveCfg = CloudDebug|x86
		{760E73D9-4622-428E-A543-6F5F828C136C}.CloudDebug|Mixed Platforms.Build.0 = CloudDebug|x86
		{760E73D9-4622-428E-A543-6F5F828C136C}.CloudDebug|x86.ActiveCfg = CloudDebug|x86
		{760E73D9-4622-428E-A543-6F5F828C136C}.Debug|Any CPU.ActiveCfg = Debug|x86
		{760E73D9-4622-428E-A543-6F5F828C136C}.Debug|Any CPU.Build.0 = Debug|x86
		{760E73D9-4622-428E-A543-6F5F828C136C}.Debug|Mixed Platforms.ActiveCfg = Debug|x86
		{760E73D9-4622-428E-A543-6F5F828C136C}.Debug|Mixed Platforms.Build.0 = Debug|x86
		{760E73D9-4622-428E-A543-6F5F828C136C}.Debug|x86.ActiveCfg = Debug|x86
		{760E73D9-4622-428E-A543-6F5F828C136C}.Debug|x86.Build.0 = Debug|x86
		{760E73D9-4622-428E-A543-6F5F828C136C}.Release|Any CPU.ActiveCfg = Release|x86
		{760E73D9-4622-428E-A543-6F5F828C136C}.Release|Mixed Platforms.ActiveCfg = Release|x86
		{760E73D9-4622-428E-A543-6F5F828C136C}.Release|Mixed Platforms.Build.0 = Release|x86
		{760E73D9-4622-428E-A543-6F5F828C136C}.Release|x86.ActiveCfg = Release|x86
		{760E73D9-4622-428E-A543-6F5F828C136C}.Release|x86.Build.0 = Release|x86
		{760E73D9-4622-428E-A543-6F5F828C136C}.Staging|Any CPU.ActiveCfg = Staging|x86
		{760E73D9-4622-428E-A543-6F5F828C136C}.Staging|Mixed Platforms.ActiveCfg = Staging|x86
		{760E73D9-4622-428E-A543-6F5F828C136C}.Staging|Mixed Platforms.Build.0 = Staging|x86
		{760E73D9-4622-428E-A543-6F5F828C136C}.Staging|x86.ActiveCfg = Staging|x86
		{121A81F3-EB1C-4228-81FB-0D7505A438FB}.CloudDebug|Any CPU.ActiveCfg = CloudDebug|Any CPU
		{121A81F3-EB1C-4228-81FB-0D7505A438FB}.CloudDebug|Any CPU.Build.0 = CloudDebug|Any CPU
		{121A81F3-EB1C-4228-81FB-0D7505A438FB}.CloudDebug|Mixed Platforms.ActiveCfg = CloudDebug|Any CPU
		{121A81F3-EB1C-4228-81FB-0D7505A438FB}.CloudDebug|Mixed Platforms.Build.0 = CloudDebug|Any CPU
		{121A81F3-EB1C-4228-81FB-0D7505A438FB}.CloudDebug|x86.ActiveCfg = CloudDebug|Any CPU
		{121A81F3-EB1C-4228-81FB-0D7505A438FB}.Debug|Any CPU.ActiveCfg = Debug|Any CPU
		{121A81F3-EB1C-4228-81FB-0D7505A438FB}.Debug|Any CPU.Build.0 = Debug|Any CPU
		{121A81F3-EB1C-4228-81FB-0D7505A438FB}.Debug|Mixed Platforms.ActiveCfg = Debug|Any CPU
		{121A81F3-EB1C-4228-81FB-0D7505A438FB}.Debug|Mixed Platforms.Build.0 = Debug|Any CPU
		{121A81F3-EB1C-4228-81FB-0D7505A438FB}.Debug|x86.ActiveCfg = Debug|Any CPU
		{121A81F3-EB1C-4228-81FB-0D7505A438FB}.Release|Any CPU.ActiveCfg = Release|Any CPU
		{121A81F3-EB1C-4228-81FB-0D7505A438FB}.Release|Any CPU.Build.0 = Release|Any CPU
		{121A81F3-EB1C-4228-81FB-0D7505A438FB}.Release|Mixed Platforms.ActiveCfg = Release|Any CPU
		{121A81F3-EB1C-4228-81FB-0D7505A438FB}.Release|Mixed Platforms.Build.0 = Release|Any CPU
		{121A81F3-EB1C-4228-81FB-0D7505A438FB}.Release|x86.ActiveCfg = Release|Any CPU
		{121A81F3-EB1C-4228-81FB-0D7505A438FB}.Staging|Any CPU.ActiveCfg = Staging|Any CPU
		{121A81F3-EB1C-4228-81FB-0D7505A438FB}.Staging|Any CPU.Build.0 = Staging|Any CPU
		{121A81F3-EB1C-4228-81FB-0D7505A438FB}.Staging|Mixed Platforms.ActiveCfg = Staging|Any CPU
		{121A81F3-EB1C-4228-81FB-0D7505A438FB}.Staging|Mixed Platforms.Build.0 = Staging|Any CPU
		{121A81F3-EB1C-4228-81FB-0D7505A438FB}.Staging|x86.ActiveCfg = Staging|Any CPU
		{026809CF-5A57-4264-9BAC-24A4D07F76FA}.CloudDebug|Any CPU.ActiveCfg = CloudDebug|Any CPU
		{026809CF-5A57-4264-9BAC-24A4D07F76FA}.CloudDebug|Any CPU.Build.0 = CloudDebug|Any CPU
		{026809CF-5A57-4264-9BAC-24A4D07F76FA}.CloudDebug|Mixed Platforms.ActiveCfg = CloudDebug|Any CPU
		{026809CF-5A57-4264-9BAC-24A4D07F76FA}.CloudDebug|Mixed Platforms.Build.0 = CloudDebug|Any CPU
		{026809CF-5A57-4264-9BAC-24A4D07F76FA}.CloudDebug|x86.ActiveCfg = CloudDebug|Any CPU
		{026809CF-5A57-4264-9BAC-24A4D07F76FA}.Debug|Any CPU.ActiveCfg = Debug|Any CPU
		{026809CF-5A57-4264-9BAC-24A4D07F76FA}.Debug|Any CPU.Build.0 = Debug|Any CPU
		{026809CF-5A57-4264-9BAC-24A4D07F76FA}.Debug|Mixed Platforms.ActiveCfg = Debug|Any CPU
		{026809CF-5A57-4264-9BAC-24A4D07F76FA}.Debug|Mixed Platforms.Build.0 = Debug|Any CPU
		{026809CF-5A57-4264-9BAC-24A4D07F76FA}.Debug|x86.ActiveCfg = Debug|Any CPU
		{026809CF-5A57-4264-9BAC-24A4D07F76FA}.Release|Any CPU.ActiveCfg = Release|Any CPU
		{026809CF-5A57-4264-9BAC-24A4D07F76FA}.Release|Any CPU.Build.0 = Release|Any CPU
		{026809CF-5A57-4264-9BAC-24A4D07F76FA}.Release|Mixed Platforms.ActiveCfg = Release|Any CPU
		{026809CF-5A57-4264-9BAC-24A4D07F76FA}.Release|Mixed Platforms.Build.0 = Release|Any CPU
		{026809CF-5A57-4264-9BAC-24A4D07F76FA}.Release|x86.ActiveCfg = Release|Any CPU
		{026809CF-5A57-4264-9BAC-24A4D07F76FA}.Staging|Any CPU.ActiveCfg = Staging|Any CPU
		{026809CF-5A57-4264-9BAC-24A4D07F76FA}.Staging|Any CPU.Build.0 = Staging|Any CPU
		{026809CF-5A57-4264-9BAC-24A4D07F76FA}.Staging|Mixed Platforms.ActiveCfg = Staging|Any CPU
		{026809CF-5A57-4264-9BAC-24A4D07F76FA}.Staging|Mixed Platforms.Build.0 = Staging|Any CPU
		{026809CF-5A57-4264-9BAC-24A4D07F76FA}.Staging|x86.ActiveCfg = Staging|Any CPU
		{C1B5E33C-C8AC-4AFE-8E80-2DB262C24000}.CloudDebug|Any CPU.ActiveCfg = CloudDebug|Any CPU
		{C1B5E33C-C8AC-4AFE-8E80-2DB262C24000}.CloudDebug|Any CPU.Build.0 = CloudDebug|Any CPU
		{C1B5E33C-C8AC-4AFE-8E80-2DB262C24000}.CloudDebug|Mixed Platforms.ActiveCfg = CloudDebug|Any CPU
		{C1B5E33C-C8AC-4AFE-8E80-2DB262C24000}.CloudDebug|Mixed Platforms.Build.0 = CloudDebug|Any CPU
		{C1B5E33C-C8AC-4AFE-8E80-2DB262C24000}.CloudDebug|x86.ActiveCfg = CloudDebug|Any CPU
		{C1B5E33C-C8AC-4AFE-8E80-2DB262C24000}.Debug|Any CPU.ActiveCfg = Debug|Any CPU
		{C1B5E33C-C8AC-4AFE-8E80-2DB262C24000}.Debug|Any CPU.Build.0 = Debug|Any CPU
		{C1B5E33C-C8AC-4AFE-8E80-2DB262C24000}.Debug|Mixed Platforms.ActiveCfg = Debug|Any CPU
		{C1B5E33C-C8AC-4AFE-8E80-2DB262C24000}.Debug|Mixed Platforms.Build.0 = Debug|Any CPU
		{C1B5E33C-C8AC-4AFE-8E80-2DB262C24000}.Debug|x86.ActiveCfg = Debug|Any CPU
		{C1B5E33C-C8AC-4AFE-8E80-2DB262C24000}.Release|Any CPU.ActiveCfg = Release|Any CPU
		{C1B5E33C-C8AC-4AFE-8E80-2DB262C24000}.Release|Any CPU.Build.0 = Release|Any CPU
		{C1B5E33C-C8AC-4AFE-8E80-2DB262C24000}.Release|Mixed Platforms.ActiveCfg = Release|Any CPU
		{C1B5E33C-C8AC-4AFE-8E80-2DB262C24000}.Release|Mixed Platforms.Build.0 = Release|Any CPU
		{C1B5E33C-C8AC-4AFE-8E80-2DB262C24000}.Release|x86.ActiveCfg = Release|Any CPU
		{C1B5E33C-C8AC-4AFE-8E80-2DB262C24000}.Staging|Any CPU.ActiveCfg = Staging|Any CPU
		{C1B5E33C-C8AC-4AFE-8E80-2DB262C24000}.Staging|Any CPU.Build.0 = Staging|Any CPU
		{C1B5E33C-C8AC-4AFE-8E80-2DB262C24000}.Staging|Mixed Platforms.ActiveCfg = Staging|Any CPU
		{C1B5E33C-C8AC-4AFE-8E80-2DB262C24000}.Staging|Mixed Platforms.Build.0 = Staging|Any CPU
		{C1B5E33C-C8AC-4AFE-8E80-2DB262C24000}.Staging|x86.ActiveCfg = Staging|Any CPU
		{C89CD028-A267-45B6-B429-453BB1E4CF22}.CloudDebug|Any CPU.ActiveCfg = CloudDebug|Any CPU
		{C89CD028-A267-45B6-B429-453BB1E4CF22}.CloudDebug|Any CPU.Build.0 = CloudDebug|Any CPU
		{C89CD028-A267-45B6-B429-453BB1E4CF22}.CloudDebug|Mixed Platforms.ActiveCfg = CloudDebug|Any CPU
		{C89CD028-A267-45B6-B429-453BB1E4CF22}.CloudDebug|Mixed Platforms.Build.0 = CloudDebug|Any CPU
		{C89CD028-A267-45B6-B429-453BB1E4CF22}.CloudDebug|x86.ActiveCfg = CloudDebug|Any CPU
		{C89CD028-A267-45B6-B429-453BB1E4CF22}.Debug|Any CPU.ActiveCfg = Debug|Any CPU
		{C89CD028-A267-45B6-B429-453BB1E4CF22}.Debug|Any CPU.Build.0 = Debug|Any CPU
		{C89CD028-A267-45B6-B429-453BB1E4CF22}.Debug|Mixed Platforms.ActiveCfg = Debug|Any CPU
		{C89CD028-A267-45B6-B429-453BB1E4CF22}.Debug|Mixed Platforms.Build.0 = Debug|Any CPU
		{C89CD028-A267-45B6-B429-453BB1E4CF22}.Debug|x86.ActiveCfg = Debug|Any CPU
		{C89CD028-A267-45B6-B429-453BB1E4CF22}.Release|Any CPU.ActiveCfg = Release|Any CPU
		{C89CD028-A267-45B6-B429-453BB1E4CF22}.Release|Any CPU.Build.0 = Release|Any CPU
		{C89CD028-A267-45B6-B429-453BB1E4CF22}.Release|Mixed Platforms.ActiveCfg = Release|Any CPU
		{C89CD028-A267-45B6-B429-453BB1E4CF22}.Release|Mixed Platforms.Build.0 = Release|Any CPU
		{C89CD028-A267-45B6-B429-453BB1E4CF22}.Release|x86.ActiveCfg = Release|Any CPU
		{C89CD028-A267-45B6-B429-453BB1E4CF22}.Staging|Any CPU.ActiveCfg = Staging|Any CPU
		{C89CD028-A267-45B6-B429-453BB1E4CF22}.Staging|Any CPU.Build.0 = Staging|Any CPU
		{C89CD028-A267-45B6-B429-453BB1E4CF22}.Staging|Mixed Platforms.ActiveCfg = Staging|Any CPU
		{C89CD028-A267-45B6-B429-453BB1E4CF22}.Staging|Mixed Platforms.Build.0 = Staging|Any CPU
		{C89CD028-A267-45B6-B429-453BB1E4CF22}.Staging|x86.ActiveCfg = Staging|Any CPU
		{57A2879A-DE25-4700-B427-855F68FD21B2}.CloudDebug|Any CPU.ActiveCfg = CloudDebug|Any CPU
		{57A2879A-DE25-4700-B427-855F68FD21B2}.CloudDebug|Any CPU.Build.0 = CloudDebug|Any CPU
		{57A2879A-DE25-4700-B427-855F68FD21B2}.CloudDebug|Mixed Platforms.ActiveCfg = CloudDebug|Any CPU
		{57A2879A-DE25-4700-B427-855F68FD21B2}.CloudDebug|Mixed Platforms.Build.0 = CloudDebug|Any CPU
		{57A2879A-DE25-4700-B427-855F68FD21B2}.CloudDebug|x86.ActiveCfg = CloudDebug|Any CPU
		{57A2879A-DE25-4700-B427-855F68FD21B2}.Debug|Any CPU.ActiveCfg = Debug|Any CPU
		{57A2879A-DE25-4700-B427-855F68FD21B2}.Debug|Any CPU.Build.0 = Debug|Any CPU
		{57A2879A-DE25-4700-B427-855F68FD21B2}.Debug|Mixed Platforms.ActiveCfg = Debug|Any CPU
		{57A2879A-DE25-4700-B427-855F68FD21B2}.Debug|Mixed Platforms.Build.0 = Debug|Any CPU
		{57A2879A-DE25-4700-B427-855F68FD21B2}.Debug|x86.ActiveCfg = Debug|Any CPU
		{57A2879A-DE25-4700-B427-855F68FD21B2}.Release|Any CPU.ActiveCfg = Release|Any CPU
		{57A2879A-DE25-4700-B427-855F68FD21B2}.Release|Any CPU.Build.0 = Release|Any CPU
		{57A2879A-DE25-4700-B427-855F68FD21B2}.Release|Mixed Platforms.ActiveCfg = Release|Any CPU
		{57A2879A-DE25-4700-B427-855F68FD21B2}.Release|Mixed Platforms.Build.0 = Release|Any CPU
		{57A2879A-DE25-4700-B427-855F68FD21B2}.Release|x86.ActiveCfg = Release|Any CPU
		{57A2879A-DE25-4700-B427-855F68FD21B2}.Staging|Any CPU.ActiveCfg = Staging|Any CPU
		{57A2879A-DE25-4700-B427-855F68FD21B2}.Staging|Any CPU.Build.0 = Staging|Any CPU
		{57A2879A-DE25-4700-B427-855F68FD21B2}.Staging|Mixed Platforms.ActiveCfg = Staging|Any CPU
		{57A2879A-DE25-4700-B427-855F68FD21B2}.Staging|Mixed Platforms.Build.0 = Staging|Any CPU
		{57A2879A-DE25-4700-B427-855F68FD21B2}.Staging|x86.ActiveCfg = Staging|Any CPU
		{88C1F270-6B31-4588-A19D-C4DA29841A52}.CloudDebug|Any CPU.ActiveCfg = CloudDebug|Any CPU
		{88C1F270-6B31-4588-A19D-C4DA29841A52}.CloudDebug|Any CPU.Build.0 = CloudDebug|Any CPU
		{88C1F270-6B31-4588-A19D-C4DA29841A52}.CloudDebug|Mixed Platforms.ActiveCfg = CloudDebug|Any CPU
		{88C1F270-6B31-4588-A19D-C4DA29841A52}.CloudDebug|Mixed Platforms.Build.0 = CloudDebug|Any CPU
		{88C1F270-6B31-4588-A19D-C4DA29841A52}.CloudDebug|x86.ActiveCfg = CloudDebug|Any CPU
		{88C1F270-6B31-4588-A19D-C4DA29841A52}.Debug|Any CPU.ActiveCfg = Debug|Any CPU
		{88C1F270-6B31-4588-A19D-C4DA29841A52}.Debug|Any CPU.Build.0 = Debug|Any CPU
		{88C1F270-6B31-4588-A19D-C4DA29841A52}.Debug|Mixed Platforms.ActiveCfg = Debug|Any CPU
		{88C1F270-6B31-4588-A19D-C4DA29841A52}.Debug|Mixed Platforms.Build.0 = Debug|Any CPU
		{88C1F270-6B31-4588-A19D-C4DA29841A52}.Debug|x86.ActiveCfg = Debug|Any CPU
		{88C1F270-6B31-4588-A19D-C4DA29841A52}.Release|Any CPU.ActiveCfg = Release|Any CPU
		{88C1F270-6B31-4588-A19D-C4DA29841A52}.Release|Any CPU.Build.0 = Release|Any CPU
		{88C1F270-6B31-4588-A19D-C4DA29841A52}.Release|Mixed Platforms.ActiveCfg = Release|Any CPU
		{88C1F270-6B31-4588-A19D-C4DA29841A52}.Release|Mixed Platforms.Build.0 = Release|Any CPU
		{88C1F270-6B31-4588-A19D-C4DA29841A52}.Release|x86.ActiveCfg = Release|Any CPU
		{88C1F270-6B31-4588-A19D-C4DA29841A52}.Staging|Any CPU.ActiveCfg = Staging|Any CPU
		{88C1F270-6B31-4588-A19D-C4DA29841A52}.Staging|Any CPU.Build.0 = Staging|Any CPU
		{88C1F270-6B31-4588-A19D-C4DA29841A52}.Staging|Mixed Platforms.ActiveCfg = Staging|Any CPU
		{88C1F270-6B31-4588-A19D-C4DA29841A52}.Staging|Mixed Platforms.Build.0 = Staging|Any CPU
		{88C1F270-6B31-4588-A19D-C4DA29841A52}.Staging|x86.ActiveCfg = Staging|Any CPU
		{0D200739-44B9-4B64-958F-F7D93BD512AC}.CloudDebug|Any CPU.ActiveCfg = CloudDebug|Any CPU
		{0D200739-44B9-4B64-958F-F7D93BD512AC}.CloudDebug|Any CPU.Build.0 = CloudDebug|Any CPU
		{0D200739-44B9-4B64-958F-F7D93BD512AC}.CloudDebug|Mixed Platforms.ActiveCfg = CloudDebug|Any CPU
		{0D200739-44B9-4B64-958F-F7D93BD512AC}.CloudDebug|Mixed Platforms.Build.0 = CloudDebug|Any CPU
		{0D200739-44B9-4B64-958F-F7D93BD512AC}.CloudDebug|x86.ActiveCfg = CloudDebug|Any CPU
		{0D200739-44B9-4B64-958F-F7D93BD512AC}.Debug|Any CPU.ActiveCfg = Debug|Any CPU
		{0D200739-44B9-4B64-958F-F7D93BD512AC}.Debug|Any CPU.Build.0 = Debug|Any CPU
		{0D200739-44B9-4B64-958F-F7D93BD512AC}.Debug|Mixed Platforms.ActiveCfg = Debug|Any CPU
		{0D200739-44B9-4B64-958F-F7D93BD512AC}.Debug|Mixed Platforms.Build.0 = Debug|Any CPU
		{0D200739-44B9-4B64-958F-F7D93BD512AC}.Debug|x86.ActiveCfg = Debug|Any CPU
		{0D200739-44B9-4B64-958F-F7D93BD512AC}.Release|Any CPU.ActiveCfg = Release|Any CPU
		{0D200739-44B9-4B64-958F-F7D93BD512AC}.Release|Any CPU.Build.0 = Release|Any CPU
		{0D200739-44B9-4B64-958F-F7D93BD512AC}.Release|Mixed Platforms.ActiveCfg = Release|Any CPU
		{0D200739-44B9-4B64-958F-F7D93BD512AC}.Release|Mixed Platforms.Build.0 = Release|Any CPU
		{0D200739-44B9-4B64-958F-F7D93BD512AC}.Release|x86.ActiveCfg = Release|Any CPU
		{0D200739-44B9-4B64-958F-F7D93BD512AC}.Staging|Any CPU.ActiveCfg = Staging|Any CPU
		{0D200739-44B9-4B64-958F-F7D93BD512AC}.Staging|Any CPU.Build.0 = Staging|Any CPU
		{0D200739-44B9-4B64-958F-F7D93BD512AC}.Staging|Mixed Platforms.ActiveCfg = Staging|Any CPU
		{0D200739-44B9-4B64-958F-F7D93BD512AC}.Staging|Mixed Platforms.Build.0 = Staging|Any CPU
		{0D200739-44B9-4B64-958F-F7D93BD512AC}.Staging|x86.ActiveCfg = Staging|Any CPU
		{193CA8F5-8467-40F3-A644-66461952910F}.CloudDebug|Any CPU.ActiveCfg = CloudDebug|Any CPU
		{193CA8F5-8467-40F3-A644-66461952910F}.CloudDebug|Any CPU.Build.0 = CloudDebug|Any CPU
		{193CA8F5-8467-40F3-A644-66461952910F}.CloudDebug|Mixed Platforms.ActiveCfg = CloudDebug|Any CPU
		{193CA8F5-8467-40F3-A644-66461952910F}.CloudDebug|Mixed Platforms.Build.0 = CloudDebug|Any CPU
		{193CA8F5-8467-40F3-A644-66461952910F}.CloudDebug|x86.ActiveCfg = CloudDebug|Any CPU
		{193CA8F5-8467-40F3-A644-66461952910F}.Debug|Any CPU.ActiveCfg = Debug|Any CPU
		{193CA8F5-8467-40F3-A644-66461952910F}.Debug|Any CPU.Build.0 = Debug|Any CPU
		{193CA8F5-8467-40F3-A644-66461952910F}.Debug|Mixed Platforms.ActiveCfg = Debug|Any CPU
		{193CA8F5-8467-40F3-A644-66461952910F}.Debug|Mixed Platforms.Build.0 = Debug|Any CPU
		{193CA8F5-8467-40F3-A644-66461952910F}.Debug|x86.ActiveCfg = Debug|Any CPU
		{193CA8F5-8467-40F3-A644-66461952910F}.Release|Any CPU.ActiveCfg = Release|Any CPU
		{193CA8F5-8467-40F3-A644-66461952910F}.Release|Any CPU.Build.0 = Release|Any CPU
		{193CA8F5-8467-40F3-A644-66461952910F}.Release|Mixed Platforms.ActiveCfg = Release|Any CPU
		{193CA8F5-8467-40F3-A644-66461952910F}.Release|Mixed Platforms.Build.0 = Release|Any CPU
		{193CA8F5-8467-40F3-A644-66461952910F}.Release|x86.ActiveCfg = Release|Any CPU
		{193CA8F5-8467-40F3-A644-66461952910F}.Staging|Any CPU.ActiveCfg = Staging|Any CPU
		{193CA8F5-8467-40F3-A644-66461952910F}.Staging|Any CPU.Build.0 = Staging|Any CPU
		{193CA8F5-8467-40F3-A644-66461952910F}.Staging|Mixed Platforms.ActiveCfg = Staging|Any CPU
		{193CA8F5-8467-40F3-A644-66461952910F}.Staging|Mixed Platforms.Build.0 = Staging|Any CPU
		{193CA8F5-8467-40F3-A644-66461952910F}.Staging|x86.ActiveCfg = Staging|Any CPU
		{D1EE4C24-889C-478C-B272-89757D26E4E2}.CloudDebug|Any CPU.ActiveCfg = CloudDebug|Any CPU
		{D1EE4C24-889C-478C-B272-89757D26E4E2}.CloudDebug|Any CPU.Build.0 = CloudDebug|Any CPU
		{D1EE4C24-889C-478C-B272-89757D26E4E2}.CloudDebug|Mixed Platforms.ActiveCfg = CloudDebug|Any CPU
		{D1EE4C24-889C-478C-B272-89757D26E4E2}.CloudDebug|Mixed Platforms.Build.0 = CloudDebug|Any CPU
		{D1EE4C24-889C-478C-B272-89757D26E4E2}.CloudDebug|x86.ActiveCfg = CloudDebug|Any CPU
		{D1EE4C24-889C-478C-B272-89757D26E4E2}.Debug|Any CPU.ActiveCfg = Debug|Any CPU
		{D1EE4C24-889C-478C-B272-89757D26E4E2}.Debug|Any CPU.Build.0 = Debug|Any CPU
		{D1EE4C24-889C-478C-B272-89757D26E4E2}.Debug|Mixed Platforms.ActiveCfg = Debug|Any CPU
		{D1EE4C24-889C-478C-B272-89757D26E4E2}.Debug|Mixed Platforms.Build.0 = Debug|Any CPU
		{D1EE4C24-889C-478C-B272-89757D26E4E2}.Debug|x86.ActiveCfg = Debug|Any CPU
		{D1EE4C24-889C-478C-B272-89757D26E4E2}.Release|Any CPU.ActiveCfg = Release|Any CPU
		{D1EE4C24-889C-478C-B272-89757D26E4E2}.Release|Any CPU.Build.0 = Release|Any CPU
		{D1EE4C24-889C-478C-B272-89757D26E4E2}.Release|Mixed Platforms.ActiveCfg = Release|Any CPU
		{D1EE4C24-889C-478C-B272-89757D26E4E2}.Release|Mixed Platforms.Build.0 = Release|Any CPU
		{D1EE4C24-889C-478C-B272-89757D26E4E2}.Release|x86.ActiveCfg = Release|Any CPU
		{D1EE4C24-889C-478C-B272-89757D26E4E2}.Staging|Any CPU.ActiveCfg = Staging|Any CPU
		{D1EE4C24-889C-478C-B272-89757D26E4E2}.Staging|Any CPU.Build.0 = Staging|Any CPU
		{D1EE4C24-889C-478C-B272-89757D26E4E2}.Staging|Mixed Platforms.ActiveCfg = Staging|Any CPU
		{D1EE4C24-889C-478C-B272-89757D26E4E2}.Staging|Mixed Platforms.Build.0 = Staging|Any CPU
		{D1EE4C24-889C-478C-B272-89757D26E4E2}.Staging|x86.ActiveCfg = Staging|Any CPU
		{B4354946-BE3C-4A4D-9772-4375D855929E}.CloudDebug|Any CPU.ActiveCfg = Debug|x86
		{B4354946-BE3C-4A4D-9772-4375D855929E}.CloudDebug|Mixed Platforms.ActiveCfg = Debug|x86
		{B4354946-BE3C-4A4D-9772-4375D855929E}.CloudDebug|Mixed Platforms.Build.0 = Debug|x86
		{B4354946-BE3C-4A4D-9772-4375D855929E}.CloudDebug|x86.ActiveCfg = Debug|x86
		{B4354946-BE3C-4A4D-9772-4375D855929E}.CloudDebug|x86.Build.0 = Debug|x86
		{B4354946-BE3C-4A4D-9772-4375D855929E}.Debug|Any CPU.ActiveCfg = Debug|x86
		{B4354946-BE3C-4A4D-9772-4375D855929E}.Debug|Mixed Platforms.ActiveCfg = Debug|x86
		{B4354946-BE3C-4A4D-9772-4375D855929E}.Debug|Mixed Platforms.Build.0 = Debug|x86
		{B4354946-BE3C-4A4D-9772-4375D855929E}.Debug|x86.ActiveCfg = Debug|x86
		{B4354946-BE3C-4A4D-9772-4375D855929E}.Debug|x86.Build.0 = Debug|x86
		{B4354946-BE3C-4A4D-9772-4375D855929E}.Release|Any CPU.ActiveCfg = Release|x86
		{B4354946-BE3C-4A4D-9772-4375D855929E}.Release|Mixed Platforms.ActiveCfg = Release|x86
		{B4354946-BE3C-4A4D-9772-4375D855929E}.Release|Mixed Platforms.Build.0 = Release|x86
		{B4354946-BE3C-4A4D-9772-4375D855929E}.Release|x86.ActiveCfg = Release|x86
		{B4354946-BE3C-4A4D-9772-4375D855929E}.Release|x86.Build.0 = Release|x86
		{B4354946-BE3C-4A4D-9772-4375D855929E}.Staging|Any CPU.ActiveCfg = Staging|x86
		{B4354946-BE3C-4A4D-9772-4375D855929E}.Staging|Mixed Platforms.ActiveCfg = Staging|x86
		{B4354946-BE3C-4A4D-9772-4375D855929E}.Staging|Mixed Platforms.Build.0 = Staging|x86
		{B4354946-BE3C-4A4D-9772-4375D855929E}.Staging|x86.ActiveCfg = Staging|x86
		{A2FEE226-93A2-42BD-B2B2-76F5E8562E97}.CloudDebug|Any CPU.ActiveCfg = Debug|Any CPU
		{A2FEE226-93A2-42BD-B2B2-76F5E8562E97}.CloudDebug|Any CPU.Build.0 = Debug|Any CPU
		{A2FEE226-93A2-42BD-B2B2-76F5E8562E97}.CloudDebug|Mixed Platforms.ActiveCfg = Debug|Any CPU
		{A2FEE226-93A2-42BD-B2B2-76F5E8562E97}.CloudDebug|Mixed Platforms.Build.0 = Debug|Any CPU
		{A2FEE226-93A2-42BD-B2B2-76F5E8562E97}.CloudDebug|x86.ActiveCfg = Debug|Any CPU
		{A2FEE226-93A2-42BD-B2B2-76F5E8562E97}.Debug|Any CPU.ActiveCfg = Debug|Any CPU
		{A2FEE226-93A2-42BD-B2B2-76F5E8562E97}.Debug|Any CPU.Build.0 = Debug|Any CPU
		{A2FEE226-93A2-42BD-B2B2-76F5E8562E97}.Debug|Mixed Platforms.ActiveCfg = Debug|Any CPU
		{A2FEE226-93A2-42BD-B2B2-76F5E8562E97}.Debug|Mixed Platforms.Build.0 = Debug|Any CPU
		{A2FEE226-93A2-42BD-B2B2-76F5E8562E97}.Debug|x86.ActiveCfg = Debug|Any CPU
		{A2FEE226-93A2-42BD-B2B2-76F5E8562E97}.Release|Any CPU.ActiveCfg = Release|Any CPU
		{A2FEE226-93A2-42BD-B2B2-76F5E8562E97}.Release|Any CPU.Build.0 = Release|Any CPU
		{A2FEE226-93A2-42BD-B2B2-76F5E8562E97}.Release|Mixed Platforms.ActiveCfg = Release|Any CPU
		{A2FEE226-93A2-42BD-B2B2-76F5E8562E97}.Release|Mixed Platforms.Build.0 = Release|Any CPU
		{A2FEE226-93A2-42BD-B2B2-76F5E8562E97}.Release|x86.ActiveCfg = Release|Any CPU
		{A2FEE226-93A2-42BD-B2B2-76F5E8562E97}.Staging|Any CPU.ActiveCfg = Staging|Any CPU
		{A2FEE226-93A2-42BD-B2B2-76F5E8562E97}.Staging|Any CPU.Build.0 = Staging|Any CPU
		{A2FEE226-93A2-42BD-B2B2-76F5E8562E97}.Staging|Mixed Platforms.ActiveCfg = Staging|Any CPU
		{A2FEE226-93A2-42BD-B2B2-76F5E8562E97}.Staging|Mixed Platforms.Build.0 = Staging|Any CPU
		{A2FEE226-93A2-42BD-B2B2-76F5E8562E97}.Staging|x86.ActiveCfg = Staging|Any CPU
	EndGlobalSection
	GlobalSection(SolutionProperties) = preSolution
		HideSolutionNode = FALSE
	EndGlobalSection
EndGlobal
