
Microsoft Visual Studio Solution File, Format Version 11.00
# Visual Studio 2010
Project("{FAE04EC0-301F-11D3-BF4B-00C04F79EFBC}") = "RestClientTester", "RestClientTester\RestClientTester.csproj", "{760E73D9-4622-428E-A543-6F5F828C136C}"
EndProject
Project("{FAE04EC0-301F-11D3-BF4B-00C04F79EFBC}") = "NetworkedPlanet.BrightStar", "..\core\NetworkedPlanet.Brightstar\NetworkedPlanet.BrightStar.csproj", "{00BECF1C-ED86-4773-98C6-463950D0E55E}"
EndProject
Project("{FAE04EC0-301F-11D3-BF4B-00C04F79EFBC}") = "NetworkedPlanet.EntityFramework", "..\entityframework\NetworkedPlanet.EntityFramework\NetworkedPlanet.EntityFramework.csproj", "{FC7A18B0-A087-4ACF-98E8-F48A67A0E716}"
EndProject
Global
	GlobalSection(SolutionConfigurationPlatforms) = preSolution
		Debug|Any CPU = Debug|Any CPU
		Debug|Mixed Platforms = Debug|Mixed Platforms
		Debug|x86 = Debug|x86
		Release|Any CPU = Release|Any CPU
		Release|Mixed Platforms = Release|Mixed Platforms
		Release|x86 = Release|x86
	EndGlobalSection
	GlobalSection(ProjectConfigurationPlatforms) = postSolution
		{760E73D9-4622-428E-A543-6F5F828C136C}.Debug|Any CPU.ActiveCfg = Debug|x86
		{760E73D9-4622-428E-A543-6F5F828C136C}.Debug|Mixed Platforms.ActiveCfg = Debug|x86
		{760E73D9-4622-428E-A543-6F5F828C136C}.Debug|Mixed Platforms.Build.0 = Debug|x86
		{760E73D9-4622-428E-A543-6F5F828C136C}.Debug|x86.ActiveCfg = Debug|x86
		{760E73D9-4622-428E-A543-6F5F828C136C}.Debug|x86.Build.0 = Debug|x86
		{760E73D9-4622-428E-A543-6F5F828C136C}.Release|Any CPU.ActiveCfg = Release|x86
		{760E73D9-4622-428E-A543-6F5F828C136C}.Release|Mixed Platforms.ActiveCfg = Release|x86
		{760E73D9-4622-428E-A543-6F5F828C136C}.Release|Mixed Platforms.Build.0 = Release|x86
		{760E73D9-4622-428E-A543-6F5F828C136C}.Release|x86.ActiveCfg = Release|x86
		{760E73D9-4622-428E-A543-6F5F828C136C}.Release|x86.Build.0 = Release|x86
		{00BECF1C-ED86-4773-98C6-463950D0E55E}.Debug|Any CPU.ActiveCfg = Debug|Any CPU
		{00BECF1C-ED86-4773-98C6-463950D0E55E}.Debug|Any CPU.Build.0 = Debug|Any CPU
		{00BECF1C-ED86-4773-98C6-463950D0E55E}.Debug|Mixed Platforms.ActiveCfg = Debug|Any CPU
		{00BECF1C-ED86-4773-98C6-463950D0E55E}.Debug|Mixed Platforms.Build.0 = Debug|Any CPU
		{00BECF1C-ED86-4773-98C6-463950D0E55E}.Debug|x86.ActiveCfg = Debug|Any CPU
		{00BECF1C-ED86-4773-98C6-463950D0E55E}.Release|Any CPU.ActiveCfg = Release|Any CPU
		{00BECF1C-ED86-4773-98C6-463950D0E55E}.Release|Any CPU.Build.0 = Release|Any CPU
		{00BECF1C-ED86-4773-98C6-463950D0E55E}.Release|Mixed Platforms.ActiveCfg = Release|Any CPU
		{00BECF1C-ED86-4773-98C6-463950D0E55E}.Release|Mixed Platforms.Build.0 = Release|Any CPU
		{00BECF1C-ED86-4773-98C6-463950D0E55E}.Release|x86.ActiveCfg = Release|Any CPU
		{FC7A18B0-A087-4ACF-98E8-F48A67A0E716}.Debug|Any CPU.ActiveCfg = Debug|Any CPU
		{FC7A18B0-A087-4ACF-98E8-F48A67A0E716}.Debug|Any CPU.Build.0 = Debug|Any CPU
		{FC7A18B0-A087-4ACF-98E8-F48A67A0E716}.Debug|Mixed Platforms.ActiveCfg = Debug|Any CPU
		{FC7A18B0-A087-4ACF-98E8-F48A67A0E716}.Debug|Mixed Platforms.Build.0 = Debug|Any CPU
		{FC7A18B0-A087-4ACF-98E8-F48A67A0E716}.Debug|x86.ActiveCfg = Debug|Any CPU
		{FC7A18B0-A087-4ACF-98E8-F48A67A0E716}.Release|Any CPU.ActiveCfg = Release|Any CPU
		{FC7A18B0-A087-4ACF-98E8-F48A67A0E716}.Release|Any CPU.Build.0 = Release|Any CPU
		{FC7A18B0-A087-4ACF-98E8-F48A67A0E716}.Release|Mixed Platforms.ActiveCfg = Release|Any CPU
		{FC7A18B0-A087-4ACF-98E8-F48A67A0E716}.Release|Mixed Platforms.Build.0 = Release|Any CPU
		{FC7A18B0-A087-4ACF-98E8-F48A67A0E716}.Release|x86.ActiveCfg = Release|Any CPU
	EndGlobalSection
	GlobalSection(SolutionProperties) = preSolution
		HideSolutionNode = FALSE
	EndGlobalSection
EndGlobal
