
Microsoft Visual Studio Solution File, Format Version 11.00
# Visual Studio 2010
Project("{FAE04EC0-301F-11D3-BF4B-00C04F79EFBC}") = "NetworkedPlanet.BrightStar.Tests", "NetworkedPlanet.BrightStar.Tests\NetworkedPlanet.BrightStar.Tests.csproj", "{4EB8BF43-94B1-4264-B2C9-9EE1BAB7F094}"
EndProject
Global
	GlobalSection(SolutionConfigurationPlatforms) = preSolution
		Debug|Any CPU = Debug|Any CPU
		Release|Any CPU = Release|Any CPU
	EndGlobalSection
	GlobalSection(ProjectConfigurationPlatforms) = postSolution
		{4EB8BF43-94B1-4264-B2C9-9EE1BAB7F094}.Debug|Any CPU.ActiveCfg = Debug|Any CPU
		{4EB8BF43-94B1-4264-B2C9-9EE1BAB7F094}.Debug|Any CPU.Build.0 = Debug|Any CPU
		{4EB8BF43-94B1-4264-B2C9-9EE1BAB7F094}.Release|Any CPU.ActiveCfg = Release|Any CPU
		{4EB8BF43-94B1-4264-B2C9-9EE1BAB7F094}.Release|Any CPU.Build.0 = Release|Any CPU
	EndGlobalSection
	GlobalSection(SolutionProperties) = preSolution
		HideSolutionNode = FALSE
	EndGlobalSection
EndGlobal
