
Microsoft Visual Studio Solution File, Format Version 12.00
# Visual Studio 2012
Project("{2150E333-8FDC-42A3-9474-1A3956D46DE8}") = "Solution Items", "Solution Items", "{E88178BE-AB2F-46BF-96FD-991A29B58A11}"
	ProjectSection(SolutionItems) = preProject
		BrightstarDB.vsmdi = BrightstarDB.vsmdi
		Local.testsettings = Local.testsettings
		MemoryProfiling.psess = MemoryProfiling.psess
		Performance.testsettings = Performance.testsettings
		Performance1.psess = Performance1.psess
		TraceAndTestImpact.testsettings = TraceAndTestImpact.testsettings
	EndProjectSection
EndProject
Project("{FAE04EC0-301F-11D3-BF4B-00C04F79EFBC}") = "BrightstarDB", "BrightstarDB\BrightstarDB.csproj", "{121A81F3-EB1C-4228-81FB-0D7505A438FB}"
EndProject
Project("{FAE04EC0-301F-11D3-BF4B-00C04F79EFBC}") = "BrightstarDB.Tests", "BrightstarDB.Tests\BrightstarDB.Tests.csproj", "{4EB8BF43-94B1-4264-B2C9-9EE1BAB7F094}"
EndProject
Project("{FAE04EC0-301F-11D3-BF4B-00C04F79EFBC}") = "BrightstarDB.PerformanceTests", "BrightstarDB.PerformanceTests\BrightstarDB.PerformanceTests.csproj", "{AD5F5943-9756-4582-91CB-7F4456A87175}"
EndProject
Project("{FAE04EC0-301F-11D3-BF4B-00C04F79EFBC}") = "BrightstarDB.OData", "BrightstarDB.OData\BrightstarDB.OData.csproj", "{AB1D203C-87CC-44E2-8CBB-FBB37A349A52}"
EndProject
Project("{FAE04EC0-301F-11D3-BF4B-00C04F79EFBC}") = "BrightstarDB.OData.Tests", "BrightstarDB.OData.Tests\BrightstarDB.OData.Tests.csproj", "{A49EA4CE-01D4-4DFF-BF28-603850AB810D}"
EndProject
Project("{FAE04EC0-301F-11D3-BF4B-00C04F79EFBC}") = "BrightstarDB.EntityFramework.Tests", "BrightstarDB.EntityFramework.Tests\BrightstarDB.EntityFramework.Tests.csproj", "{AF58BD97-6900-49EB-A41C-7D8168AF052C}"
EndProject
Project("{FAE04EC0-301F-11D3-BF4B-00C04F79EFBC}") = "BrightstarDB.InternalTests", "BrightstarDB.InternalTests\BrightstarDB.InternalTests.csproj", "{B7BB84F3-3CB8-4D9D-B1C1-2CF4EEAE5A22}"
EndProject
Project("{2150E333-8FDC-42A3-9474-1A3956D46DE8}") = ".nuget", ".nuget", "{8B530BF0-801A-4079-88DA-F4561CB86632}"
	ProjectSection(SolutionItems) = preProject
		.nuget\NuGet.Config = .nuget\NuGet.Config
		.nuget\NuGet.exe = .nuget\NuGet.exe
		.nuget\NuGet.targets = .nuget\NuGet.targets
	EndProjectSection
EndProject
Project("{FAE04EC0-301F-11D3-BF4B-00C04F79EFBC}") = "BrightstarDB.Server.Modules", "BrightstarDB.Server.Modules\BrightstarDB.Server.Modules.csproj", "{A6A05324-BA02-4C82-9199-AD19BC442C60}"
EndProject
Project("{FAE04EC0-301F-11D3-BF4B-00C04F79EFBC}") = "BrightstarDB.Server.Modules.Tests", "BrightstarDB.Server.Modules.Tests\BrightstarDB.Server.Modules.Tests.csproj", "{523BB67E-CEB7-4144-AACB-AB5937F8872E}"
EndProject
Project("{FAE04EC0-301F-11D3-BF4B-00C04F79EFBC}") = "BrightstarDB.Server.AspNet", "BrightstarDB.Server.AspNet\BrightstarDB.Server.AspNet.csproj", "{8F2B30D0-9109-4955-AE23-C287A0DF7998}"
EndProject
Project("{FAE04EC0-301F-11D3-BF4B-00C04F79EFBC}") = "BrightstarDB.Server.IntegrationTests", "BrightstarDB.Server.IntegrationTests\BrightstarDB.Server.IntegrationTests.csproj", "{DF96239F-5240-475C-BD33-52F0EE2536C2}"
EndProject
Project("{FAE04EC0-301F-11D3-BF4B-00C04F79EFBC}") = "BrightstarDB.Server.Runner", "BrightstarDB.Server.Runner\BrightstarDB.Server.Runner.csproj", "{3911AEEA-5B8D-4129-9916-3A827E649CB0}"
EndProject
Project("{2150E333-8FDC-42A3-9474-1A3956D46DE8}") = "Tests", "Tests", "{EACA0627-4DC2-4E5C-A156-3EDBC1B4B670}"
EndProject
Project("{FAE04EC0-301F-11D3-BF4B-00C04F79EFBC}") = "BrightstarDB.Server.AspNet.Secured", "BrightstarDB.Server.AspNet.Secured\BrightstarDB.Server.AspNet.Secured.csproj", "{47A553A3-2214-40B7-A6C5-EC2609B53B3F}"
EndProject
Global
	GlobalSection(TestCaseManagementSettings) = postSolution
		CategoryFile = BrightstarDB.vsmdi
	EndGlobalSection
	GlobalSection(SolutionConfigurationPlatforms) = preSolution
		Debug|Any CPU = Debug|Any CPU
		Debug|Mixed Platforms = Debug|Mixed Platforms
		Debug|x86 = Debug|x86
		Release|Any CPU = Release|Any CPU
		Release|Mixed Platforms = Release|Mixed Platforms
		Release|x86 = Release|x86
	EndGlobalSection
	GlobalSection(ProjectConfigurationPlatforms) = postSolution
		{121A81F3-EB1C-4228-81FB-0D7505A438FB}.Debug|Any CPU.ActiveCfg = Debug|Any CPU
		{121A81F3-EB1C-4228-81FB-0D7505A438FB}.Debug|Any CPU.Build.0 = Debug|Any CPU
		{121A81F3-EB1C-4228-81FB-0D7505A438FB}.Debug|Mixed Platforms.ActiveCfg = Debug|Any CPU
		{121A81F3-EB1C-4228-81FB-0D7505A438FB}.Debug|Mixed Platforms.Build.0 = Debug|Any CPU
		{121A81F3-EB1C-4228-81FB-0D7505A438FB}.Debug|x86.ActiveCfg = Debug|Any CPU
		{121A81F3-EB1C-4228-81FB-0D7505A438FB}.Release|Any CPU.ActiveCfg = Release|Any CPU
		{121A81F3-EB1C-4228-81FB-0D7505A438FB}.Release|Any CPU.Build.0 = Release|Any CPU
		{121A81F3-EB1C-4228-81FB-0D7505A438FB}.Release|Mixed Platforms.ActiveCfg = Release|Any CPU
		{121A81F3-EB1C-4228-81FB-0D7505A438FB}.Release|Mixed Platforms.Build.0 = Release|Any CPU
		{121A81F3-EB1C-4228-81FB-0D7505A438FB}.Release|x86.ActiveCfg = Release|Any CPU
		{4EB8BF43-94B1-4264-B2C9-9EE1BAB7F094}.Debug|Any CPU.ActiveCfg = Debug|Any CPU
		{4EB8BF43-94B1-4264-B2C9-9EE1BAB7F094}.Debug|Any CPU.Build.0 = Debug|Any CPU
		{4EB8BF43-94B1-4264-B2C9-9EE1BAB7F094}.Debug|Mixed Platforms.ActiveCfg = Debug|Any CPU
		{4EB8BF43-94B1-4264-B2C9-9EE1BAB7F094}.Debug|Mixed Platforms.Build.0 = Debug|Any CPU
		{4EB8BF43-94B1-4264-B2C9-9EE1BAB7F094}.Debug|x86.ActiveCfg = Debug|Any CPU
		{4EB8BF43-94B1-4264-B2C9-9EE1BAB7F094}.Release|Any CPU.ActiveCfg = Release|Any CPU
		{4EB8BF43-94B1-4264-B2C9-9EE1BAB7F094}.Release|Any CPU.Build.0 = Release|Any CPU
		{4EB8BF43-94B1-4264-B2C9-9EE1BAB7F094}.Release|Mixed Platforms.ActiveCfg = Release|Any CPU
		{4EB8BF43-94B1-4264-B2C9-9EE1BAB7F094}.Release|Mixed Platforms.Build.0 = Release|Any CPU
		{4EB8BF43-94B1-4264-B2C9-9EE1BAB7F094}.Release|x86.ActiveCfg = Release|Any CPU
		{AD5F5943-9756-4582-91CB-7F4456A87175}.Debug|Any CPU.ActiveCfg = Debug|Any CPU
		{AD5F5943-9756-4582-91CB-7F4456A87175}.Debug|Any CPU.Build.0 = Debug|Any CPU
		{AD5F5943-9756-4582-91CB-7F4456A87175}.Debug|Mixed Platforms.ActiveCfg = Debug|Any CPU
		{AD5F5943-9756-4582-91CB-7F4456A87175}.Debug|Mixed Platforms.Build.0 = Debug|Any CPU
		{AD5F5943-9756-4582-91CB-7F4456A87175}.Debug|x86.ActiveCfg = Debug|Any CPU
		{AD5F5943-9756-4582-91CB-7F4456A87175}.Release|Any CPU.ActiveCfg = Release|Any CPU
		{AD5F5943-9756-4582-91CB-7F4456A87175}.Release|Any CPU.Build.0 = Release|Any CPU
		{AD5F5943-9756-4582-91CB-7F4456A87175}.Release|Mixed Platforms.ActiveCfg = Release|Any CPU
		{AD5F5943-9756-4582-91CB-7F4456A87175}.Release|Mixed Platforms.Build.0 = Release|Any CPU
		{AD5F5943-9756-4582-91CB-7F4456A87175}.Release|x86.ActiveCfg = Release|Any CPU
		{AB1D203C-87CC-44E2-8CBB-FBB37A349A52}.Debug|Any CPU.ActiveCfg = Debug|Any CPU
		{AB1D203C-87CC-44E2-8CBB-FBB37A349A52}.Debug|Any CPU.Build.0 = Debug|Any CPU
		{AB1D203C-87CC-44E2-8CBB-FBB37A349A52}.Debug|Mixed Platforms.ActiveCfg = Debug|Any CPU
		{AB1D203C-87CC-44E2-8CBB-FBB37A349A52}.Debug|Mixed Platforms.Build.0 = Debug|Any CPU
		{AB1D203C-87CC-44E2-8CBB-FBB37A349A52}.Debug|x86.ActiveCfg = Debug|Any CPU
		{AB1D203C-87CC-44E2-8CBB-FBB37A349A52}.Release|Any CPU.ActiveCfg = Release|Any CPU
		{AB1D203C-87CC-44E2-8CBB-FBB37A349A52}.Release|Any CPU.Build.0 = Release|Any CPU
		{AB1D203C-87CC-44E2-8CBB-FBB37A349A52}.Release|Mixed Platforms.ActiveCfg = Release|Any CPU
		{AB1D203C-87CC-44E2-8CBB-FBB37A349A52}.Release|Mixed Platforms.Build.0 = Release|Any CPU
		{AB1D203C-87CC-44E2-8CBB-FBB37A349A52}.Release|x86.ActiveCfg = Release|Any CPU
		{A49EA4CE-01D4-4DFF-BF28-603850AB810D}.Debug|Any CPU.ActiveCfg = Debug|Any CPU
		{A49EA4CE-01D4-4DFF-BF28-603850AB810D}.Debug|Any CPU.Build.0 = Debug|Any CPU
		{A49EA4CE-01D4-4DFF-BF28-603850AB810D}.Debug|Mixed Platforms.ActiveCfg = Debug|Any CPU
		{A49EA4CE-01D4-4DFF-BF28-603850AB810D}.Debug|Mixed Platforms.Build.0 = Debug|Any CPU
		{A49EA4CE-01D4-4DFF-BF28-603850AB810D}.Debug|x86.ActiveCfg = Debug|Any CPU
		{A49EA4CE-01D4-4DFF-BF28-603850AB810D}.Release|Any CPU.ActiveCfg = Release|Any CPU
		{A49EA4CE-01D4-4DFF-BF28-603850AB810D}.Release|Any CPU.Build.0 = Release|Any CPU
		{A49EA4CE-01D4-4DFF-BF28-603850AB810D}.Release|Mixed Platforms.ActiveCfg = Release|Any CPU
		{A49EA4CE-01D4-4DFF-BF28-603850AB810D}.Release|Mixed Platforms.Build.0 = Release|Any CPU
		{A49EA4CE-01D4-4DFF-BF28-603850AB810D}.Release|x86.ActiveCfg = Release|Any CPU
		{AF58BD97-6900-49EB-A41C-7D8168AF052C}.Debug|Any CPU.ActiveCfg = Debug|Any CPU
		{AF58BD97-6900-49EB-A41C-7D8168AF052C}.Debug|Any CPU.Build.0 = Debug|Any CPU
		{AF58BD97-6900-49EB-A41C-7D8168AF052C}.Debug|Mixed Platforms.ActiveCfg = Debug|Any CPU
		{AF58BD97-6900-49EB-A41C-7D8168AF052C}.Debug|Mixed Platforms.Build.0 = Debug|Any CPU
		{AF58BD97-6900-49EB-A41C-7D8168AF052C}.Debug|x86.ActiveCfg = Debug|Any CPU
		{AF58BD97-6900-49EB-A41C-7D8168AF052C}.Release|Any CPU.ActiveCfg = Release|Any CPU
		{AF58BD97-6900-49EB-A41C-7D8168AF052C}.Release|Any CPU.Build.0 = Release|Any CPU
		{AF58BD97-6900-49EB-A41C-7D8168AF052C}.Release|Mixed Platforms.ActiveCfg = Release|Any CPU
		{AF58BD97-6900-49EB-A41C-7D8168AF052C}.Release|Mixed Platforms.Build.0 = Release|Any CPU
		{AF58BD97-6900-49EB-A41C-7D8168AF052C}.Release|x86.ActiveCfg = Release|Any CPU
		{B7BB84F3-3CB8-4D9D-B1C1-2CF4EEAE5A22}.Debug|Any CPU.ActiveCfg = Debug|Any CPU
		{B7BB84F3-3CB8-4D9D-B1C1-2CF4EEAE5A22}.Debug|Any CPU.Build.0 = Debug|Any CPU
		{B7BB84F3-3CB8-4D9D-B1C1-2CF4EEAE5A22}.Debug|Mixed Platforms.ActiveCfg = Debug|Any CPU
		{B7BB84F3-3CB8-4D9D-B1C1-2CF4EEAE5A22}.Debug|Mixed Platforms.Build.0 = Debug|Any CPU
		{B7BB84F3-3CB8-4D9D-B1C1-2CF4EEAE5A22}.Debug|x86.ActiveCfg = Debug|Any CPU
		{B7BB84F3-3CB8-4D9D-B1C1-2CF4EEAE5A22}.Release|Any CPU.ActiveCfg = Release|Any CPU
		{B7BB84F3-3CB8-4D9D-B1C1-2CF4EEAE5A22}.Release|Any CPU.Build.0 = Release|Any CPU
		{B7BB84F3-3CB8-4D9D-B1C1-2CF4EEAE5A22}.Release|Mixed Platforms.ActiveCfg = Release|Any CPU
		{B7BB84F3-3CB8-4D9D-B1C1-2CF4EEAE5A22}.Release|Mixed Platforms.Build.0 = Release|Any CPU
		{B7BB84F3-3CB8-4D9D-B1C1-2CF4EEAE5A22}.Release|x86.ActiveCfg = Release|Any CPU
		{A6A05324-BA02-4C82-9199-AD19BC442C60}.Debug|Any CPU.ActiveCfg = Debug|Any CPU
		{A6A05324-BA02-4C82-9199-AD19BC442C60}.Debug|Any CPU.Build.0 = Debug|Any CPU
		{A6A05324-BA02-4C82-9199-AD19BC442C60}.Debug|Mixed Platforms.ActiveCfg = Debug|Any CPU
		{A6A05324-BA02-4C82-9199-AD19BC442C60}.Debug|Mixed Platforms.Build.0 = Debug|Any CPU
		{A6A05324-BA02-4C82-9199-AD19BC442C60}.Debug|x86.ActiveCfg = Debug|Any CPU
		{A6A05324-BA02-4C82-9199-AD19BC442C60}.Release|Any CPU.ActiveCfg = Release|Any CPU
		{A6A05324-BA02-4C82-9199-AD19BC442C60}.Release|Any CPU.Build.0 = Release|Any CPU
		{A6A05324-BA02-4C82-9199-AD19BC442C60}.Release|Mixed Platforms.ActiveCfg = Release|Any CPU
		{A6A05324-BA02-4C82-9199-AD19BC442C60}.Release|Mixed Platforms.Build.0 = Release|Any CPU
		{A6A05324-BA02-4C82-9199-AD19BC442C60}.Release|x86.ActiveCfg = Release|Any CPU
		{523BB67E-CEB7-4144-AACB-AB5937F8872E}.Debug|Any CPU.ActiveCfg = Debug|Any CPU
		{523BB67E-CEB7-4144-AACB-AB5937F8872E}.Debug|Any CPU.Build.0 = Debug|Any CPU
		{523BB67E-CEB7-4144-AACB-AB5937F8872E}.Debug|Mixed Platforms.ActiveCfg = Debug|Any CPU
		{523BB67E-CEB7-4144-AACB-AB5937F8872E}.Debug|Mixed Platforms.Build.0 = Debug|Any CPU
		{523BB67E-CEB7-4144-AACB-AB5937F8872E}.Debug|x86.ActiveCfg = Debug|Any CPU
		{523BB67E-CEB7-4144-AACB-AB5937F8872E}.Release|Any CPU.ActiveCfg = Release|Any CPU
		{523BB67E-CEB7-4144-AACB-AB5937F8872E}.Release|Any CPU.Build.0 = Release|Any CPU
		{523BB67E-CEB7-4144-AACB-AB5937F8872E}.Release|Mixed Platforms.ActiveCfg = Release|Any CPU
		{523BB67E-CEB7-4144-AACB-AB5937F8872E}.Release|Mixed Platforms.Build.0 = Release|Any CPU
		{523BB67E-CEB7-4144-AACB-AB5937F8872E}.Release|x86.ActiveCfg = Release|Any CPU
		{8F2B30D0-9109-4955-AE23-C287A0DF7998}.Debug|Any CPU.ActiveCfg = Debug|Any CPU
		{8F2B30D0-9109-4955-AE23-C287A0DF7998}.Debug|Any CPU.Build.0 = Debug|Any CPU
		{8F2B30D0-9109-4955-AE23-C287A0DF7998}.Debug|Mixed Platforms.ActiveCfg = Debug|Any CPU
		{8F2B30D0-9109-4955-AE23-C287A0DF7998}.Debug|Mixed Platforms.Build.0 = Debug|Any CPU
		{8F2B30D0-9109-4955-AE23-C287A0DF7998}.Debug|x86.ActiveCfg = Debug|Any CPU
		{8F2B30D0-9109-4955-AE23-C287A0DF7998}.Release|Any CPU.ActiveCfg = Release|Any CPU
		{8F2B30D0-9109-4955-AE23-C287A0DF7998}.Release|Any CPU.Build.0 = Release|Any CPU
		{8F2B30D0-9109-4955-AE23-C287A0DF7998}.Release|Mixed Platforms.ActiveCfg = Release|Any CPU
		{8F2B30D0-9109-4955-AE23-C287A0DF7998}.Release|Mixed Platforms.Build.0 = Release|Any CPU
		{8F2B30D0-9109-4955-AE23-C287A0DF7998}.Release|x86.ActiveCfg = Release|Any CPU
		{DF96239F-5240-475C-BD33-52F0EE2536C2}.Debug|Any CPU.ActiveCfg = Debug|Any CPU
		{DF96239F-5240-475C-BD33-52F0EE2536C2}.Debug|Any CPU.Build.0 = Debug|Any CPU
		{DF96239F-5240-475C-BD33-52F0EE2536C2}.Debug|Mixed Platforms.ActiveCfg = Debug|Any CPU
		{DF96239F-5240-475C-BD33-52F0EE2536C2}.Debug|Mixed Platforms.Build.0 = Debug|Any CPU
		{DF96239F-5240-475C-BD33-52F0EE2536C2}.Debug|x86.ActiveCfg = Debug|Any CPU
		{DF96239F-5240-475C-BD33-52F0EE2536C2}.Release|Any CPU.ActiveCfg = Release|Any CPU
		{DF96239F-5240-475C-BD33-52F0EE2536C2}.Release|Any CPU.Build.0 = Release|Any CPU
		{DF96239F-5240-475C-BD33-52F0EE2536C2}.Release|Mixed Platforms.ActiveCfg = Release|Any CPU
		{DF96239F-5240-475C-BD33-52F0EE2536C2}.Release|Mixed Platforms.Build.0 = Release|Any CPU
		{DF96239F-5240-475C-BD33-52F0EE2536C2}.Release|x86.ActiveCfg = Release|Any CPU
		{3911AEEA-5B8D-4129-9916-3A827E649CB0}.Debug|Any CPU.ActiveCfg = Debug|Any CPU
		{3911AEEA-5B8D-4129-9916-3A827E649CB0}.Debug|Any CPU.Build.0 = Debug|Any CPU
		{3911AEEA-5B8D-4129-9916-3A827E649CB0}.Debug|Mixed Platforms.ActiveCfg = Debug|Any CPU
		{3911AEEA-5B8D-4129-9916-3A827E649CB0}.Debug|Mixed Platforms.Build.0 = Debug|Any CPU
		{3911AEEA-5B8D-4129-9916-3A827E649CB0}.Debug|x86.ActiveCfg = Debug|Any CPU
		{3911AEEA-5B8D-4129-9916-3A827E649CB0}.Release|Any CPU.ActiveCfg = Release|Any CPU
		{3911AEEA-5B8D-4129-9916-3A827E649CB0}.Release|Any CPU.Build.0 = Release|Any CPU
		{3911AEEA-5B8D-4129-9916-3A827E649CB0}.Release|Mixed Platforms.ActiveCfg = Release|Any CPU
		{3911AEEA-5B8D-4129-9916-3A827E649CB0}.Release|Mixed Platforms.Build.0 = Release|Any CPU
		{3911AEEA-5B8D-4129-9916-3A827E649CB0}.Release|x86.ActiveCfg = Release|Any CPU
		{47A553A3-2214-40B7-A6C5-EC2609B53B3F}.Debug|Any CPU.ActiveCfg = Debug|Any CPU
		{47A553A3-2214-40B7-A6C5-EC2609B53B3F}.Debug|Any CPU.Build.0 = Debug|Any CPU
		{47A553A3-2214-40B7-A6C5-EC2609B53B3F}.Debug|Mixed Platforms.ActiveCfg = Debug|Any CPU
		{47A553A3-2214-40B7-A6C5-EC2609B53B3F}.Debug|Mixed Platforms.Build.0 = Debug|Any CPU
		{47A553A3-2214-40B7-A6C5-EC2609B53B3F}.Debug|x86.ActiveCfg = Debug|Any CPU
		{47A553A3-2214-40B7-A6C5-EC2609B53B3F}.Release|Any CPU.ActiveCfg = Release|Any CPU
		{47A553A3-2214-40B7-A6C5-EC2609B53B3F}.Release|Any CPU.Build.0 = Release|Any CPU
		{47A553A3-2214-40B7-A6C5-EC2609B53B3F}.Release|Mixed Platforms.ActiveCfg = Release|Any CPU
		{47A553A3-2214-40B7-A6C5-EC2609B53B3F}.Release|Mixed Platforms.Build.0 = Release|Any CPU
		{47A553A3-2214-40B7-A6C5-EC2609B53B3F}.Release|x86.ActiveCfg = Release|Any CPU
	EndGlobalSection
	GlobalSection(SolutionProperties) = preSolution
		HideSolutionNode = FALSE
	EndGlobalSection
	GlobalSection(NestedProjects) = preSolution
		{AD5F5943-9756-4582-91CB-7F4456A87175} = {EACA0627-4DC2-4E5C-A156-3EDBC1B4B670}
		{A49EA4CE-01D4-4DFF-BF28-603850AB810D} = {EACA0627-4DC2-4E5C-A156-3EDBC1B4B670}
		{AF58BD97-6900-49EB-A41C-7D8168AF052C} = {EACA0627-4DC2-4E5C-A156-3EDBC1B4B670}
		{B7BB84F3-3CB8-4D9D-B1C1-2CF4EEAE5A22} = {EACA0627-4DC2-4E5C-A156-3EDBC1B4B670}
		{523BB67E-CEB7-4144-AACB-AB5937F8872E} = {EACA0627-4DC2-4E5C-A156-3EDBC1B4B670}
		{DF96239F-5240-475C-BD33-52F0EE2536C2} = {EACA0627-4DC2-4E5C-A156-3EDBC1B4B670}
		{4EB8BF43-94B1-4264-B2C9-9EE1BAB7F094} = {EACA0627-4DC2-4E5C-A156-3EDBC1B4B670}
	EndGlobalSection
	GlobalSection(TestCaseManagementSettings) = postSolution
		CategoryFile = BrightstarDB.vsmdi
	EndGlobalSection
	GlobalSection(TestCaseManagementSettings) = postSolution
		CategoryFile = BrightstarDB.vsmdi
	EndGlobalSection
EndGlobal
