
Microsoft Visual Studio Solution File, Format Version 12.00
# Visual Studio Version 16
VisualStudioVersion = 16.0.29209.62
MinimumVisualStudioVersion = 10.0.40219.1
Project("{FAE04EC0-301F-11D3-BF4B-00C04F79EFBC}") = "DynamicSamples.Core", "DynamicSamples.Core\DynamicSamples.Core.csproj", "{31552A68-9E7E-4401-B2DC-A7E3922EB386}"
EndProject
Global
	GlobalSection(SolutionConfigurationPlatforms) = preSolution
		Debug|Any CPU = Debug|Any CPU
		Debug|x86 = Debug|x86
		Release|Any CPU = Release|Any CPU
		Release|x86 = Release|x86
	EndGlobalSection
	GlobalSection(ProjectConfigurationPlatforms) = postSolution
		{31552A68-9E7E-4401-B2DC-A7E3922EB386}.Debug|Any CPU.ActiveCfg = Debug|Any CPU
		{31552A68-9E7E-4401-B2DC-A7E3922EB386}.Debug|Any CPU.Build.0 = Debug|Any CPU
		{31552A68-9E7E-4401-B2DC-A7E3922EB386}.Debug|x86.ActiveCfg = Debug|Any CPU
		{31552A68-9E7E-4401-B2DC-A7E3922EB386}.Debug|x86.Build.0 = Debug|Any CPU
		{31552A68-9E7E-4401-B2DC-A7E3922EB386}.Release|Any CPU.ActiveCfg = Release|Any CPU
		{31552A68-9E7E-4401-B2DC-A7E3922EB386}.Release|Any CPU.Build.0 = Release|Any CPU
		{31552A68-9E7E-4401-B2DC-A7E3922EB386}.Release|x86.ActiveCfg = Release|Any CPU
		{31552A68-9E7E-4401-B2DC-A7E3922EB386}.Release|x86.Build.0 = Release|Any CPU
	EndGlobalSection
	GlobalSection(SolutionProperties) = preSolution
		HideSolutionNode = FALSE
	EndGlobalSection
	GlobalSection(ExtensibilityGlobals) = postSolution
		SolutionGuid = {2DA3D436-E018-4F26-AC85-92D0B8E289B1}
	EndGlobalSection
EndGlobal
